// !$*UTF8*$!
{
	archiveVersion = 1;
	classes = {
	};
	objectVersion = 46;
	objects = {

/* Begin PBXBuildFile section */
		18006EBF1D8FACDB00CDA77D /* ZProjectTests.m in Sources */ = {isa = PBXBuildFile; fileRef = 18006EBE1D8FACDB00CDA77D /* ZProjectTests.m */; };
		18006ECA1D8FACDB00CDA77D /* ZProjectUITests.m in Sources */ = {isa = PBXBuildFile; fileRef = 18006EC91D8FACDB00CDA77D /* ZProjectUITests.m */; };
		18006EFE1D8FC58B00CDA77D /* AppDelegate.m in Sources */ = {isa = PBXBuildFile; fileRef = 18006EE11D8FC58B00CDA77D /* AppDelegate.m */; };
		18006EFF1D8FC58B00CDA77D /* LaunchScreen.storyboard in Resources */ = {isa = PBXBuildFile; fileRef = 18006EE31D8FC58B00CDA77D /* LaunchScreen.storyboard */; };
		18006F001D8FC58B00CDA77D /* main.m in Sources */ = {isa = PBXBuildFile; fileRef = 18006EE41D8FC58B00CDA77D /* main.m */; };
		18006F011D8FC58B00CDA77D /* Main.storyboard in Resources */ = {isa = PBXBuildFile; fileRef = 18006EE51D8FC58B00CDA77D /* Main.storyboard */; };
		18006F021D8FC58B00CDA77D /* BaseViewController.m in Sources */ = {isa = PBXBuildFile; fileRef = 18006EE91D8FC58B00CDA77D /* BaseViewController.m */; };
		18006F031D8FC58B00CDA77D /* Assets.xcassets in Resources */ = {isa = PBXBuildFile; fileRef = 18006EF81D8FC58B00CDA77D /* Assets.xcassets */; };
		18006F041D8FC58B00CDA77D /* Info.plist in Resources */ = {isa = PBXBuildFile; fileRef = 18006EFB1D8FC58B00CDA77D /* Info.plist */; };
		18B74FA61D9227EB0038BA79 /* QuartzCore.framework in Frameworks */ = {isa = PBXBuildFile; fileRef = 18B74FA51D9227EB0038BA79 /* QuartzCore.framework */; };
		18B74FA81D9228020038BA79 /* ImageIO.framework in Frameworks */ = {isa = PBXBuildFile; fileRef = 18B74FA71D9228020038BA79 /* ImageIO.framework */; };
		18B74FAA1D92280D0038BA79 /* SystemConfiguration.framework in Frameworks */ = {isa = PBXBuildFile; fileRef = 18B74FA91D92280D0038BA79 /* SystemConfiguration.framework */; };
		18B74FAC1D9228180038BA79 /* Security.framework in Frameworks */ = {isa = PBXBuildFile; fileRef = 18B74FAB1D9228180038BA79 /* Security.framework */; };
		18B74FAE1D9228270038BA79 /* CoreTelephony.framework in Frameworks */ = {isa = PBXBuildFile; fileRef = 18B74FAD1D9228270038BA79 /* CoreTelephony.framework */; };
		18B74FB01D9228300038BA79 /* CoreText.framework in Frameworks */ = {isa = PBXBuildFile; fileRef = 18B74FAF1D9228300038BA79 /* CoreText.framework */; };
		18B74FB21D92283A0038BA79 /* UIKit.framework in Frameworks */ = {isa = PBXBuildFile; fileRef = 18B74FB11D92283A0038BA79 /* UIKit.framework */; };
		18B74FB41D9228440038BA79 /* Foundation.framework in Frameworks */ = {isa = PBXBuildFile; fileRef = 18B74FB31D9228440038BA79 /* Foundation.framework */; };
		18B74FB61D92284F0038BA79 /* CoreGraphics.framework in Frameworks */ = {isa = PBXBuildFile; fileRef = 18B74FB51D92284F0038BA79 /* CoreGraphics.framework */; };
		18B74FB81D92285C0038BA79 /* libz.tbd in Frameworks */ = {isa = PBXBuildFile; fileRef = 18B74FB71D92285C0038BA79 /* libz.tbd */; };
		18B74FBA1D9228770038BA79 /* libsqlite3.tbd in Frameworks */ = {isa = PBXBuildFile; fileRef = 18B74FB91D9228770038BA79 /* libsqlite3.tbd */; };
		18B74FC11D9235560038BA79 /* BaseNetRequest.m in Sources */ = {isa = PBXBuildFile; fileRef = 18B74FC01D9235560038BA79 /* BaseNetRequest.m */; };
		18B74FCA1D9289640038BA79 /* WeiboRequest.m in Sources */ = {isa = PBXBuildFile; fileRef = 18B74FC91D9289640038BA79 /* WeiboRequest.m */; };
		18B74FCD1D928BEE0038BA79 /* ZNetworkRequest.m in Sources */ = {isa = PBXBuildFile; fileRef = 18B74FCC1D928BEE0038BA79 /* ZNetworkRequest.m */; };
		18B74FD01D939BC70038BA79 /* BaseModel.m in Sources */ = {isa = PBXBuildFile; fileRef = 18B74FCF1D939BC70038BA79 /* BaseModel.m */; };
		18F6CC201D912D3B0093262B /* HomeViewController.m in Sources */ = {isa = PBXBuildFile; fileRef = 18F6CC1F1D912D3B0093262B /* HomeViewController.m */; };
		18F6CC241D912D680093262B /* HomeTableViewCell.m in Sources */ = {isa = PBXBuildFile; fileRef = 18F6CC221D912D680093262B /* HomeTableViewCell.m */; };
		18F6CC251D912D680093262B /* HomeTableViewCell.xib in Resources */ = {isa = PBXBuildFile; fileRef = 18F6CC231D912D680093262B /* HomeTableViewCell.xib */; };
		18F6CC281D912DAE0093262B /* DetailViewController.m in Sources */ = {isa = PBXBuildFile; fileRef = 18F6CC271D912DAE0093262B /* DetailViewController.m */; };
		391FD05622E16F8D00921C1D /* ZErrorModel.m in Sources */ = {isa = PBXBuildFile; fileRef = 391FD05522E16F8D00921C1D /* ZErrorModel.m */; };
		391FD06D22E173D500921C1D /* NSData+AES.m in Sources */ = {isa = PBXBuildFile; fileRef = 391FD05A22E173D400921C1D /* NSData+AES.m */; };
		391FD06E22E173D500921C1D /* MultiLanguageUtil.m in Sources */ = {isa = PBXBuildFile; fileRef = 391FD05D22E173D500921C1D /* MultiLanguageUtil.m */; };
		391FD06F22E173D500921C1D /* NSObject+Notification.m in Sources */ = {isa = PBXBuildFile; fileRef = 391FD05F22E173D500921C1D /* NSObject+Notification.m */; };
		391FD07022E173D500921C1D /* NSBundle+Language.m in Sources */ = {isa = PBXBuildFile; fileRef = 391FD06022E173D500921C1D /* NSBundle+Language.m */; };
		391FD07122E173D500921C1D /* NSObject+Category.m in Sources */ = {isa = PBXBuildFile; fileRef = 391FD06122E173D500921C1D /* NSObject+Category.m */; };
		391FD07222E173D500921C1D /* IPhoneVersion.m in Sources */ = {isa = PBXBuildFile; fileRef = 391FD06322E173D500921C1D /* IPhoneVersion.m */; };
		391FD07322E173D500921C1D /* spelling.m in Sources */ = {isa = PBXBuildFile; fileRef = 391FD06A22E173D500921C1D /* spelling.m */; };
		391FD07422E173D500921C1D /* NSString+Category.m in Sources */ = {isa = PBXBuildFile; fileRef = 391FD06B22E173D500921C1D /* NSString+Category.m */; };
		391FD07522E173D500921C1D /* NSString+ChineseCharactersToSpelling.m in Sources */ = {isa = PBXBuildFile; fileRef = 391FD06C22E173D500921C1D /* NSString+ChineseCharactersToSpelling.m */; };
		391FD07822E1742C00921C1D /* CacheDataSource.m in Sources */ = {isa = PBXBuildFile; fileRef = 391FD07622E1742C00921C1D /* CacheDataSource.m */; };
		391FD0BC22E1747B00921C1D /* UILabel+Category.m in Sources */ = {isa = PBXBuildFile; fileRef = 391FD07C22E1747B00921C1D /* UILabel+Category.m */; };
		391FD0BD22E1747B00921C1D /* UIButton+EnlargeTouch.m in Sources */ = {isa = PBXBuildFile; fileRef = 391FD08022E1747B00921C1D /* UIButton+EnlargeTouch.m */; };
		391FD0BE22E1747B00921C1D /* UIColor+PXColors.m in Sources */ = {isa = PBXBuildFile; fileRef = 391FD08322E1747B00921C1D /* UIColor+PXColors.m */; };
		391FD0BF22E1747B00921C1D /* UIColor+Extension.m in Sources */ = {isa = PBXBuildFile; fileRef = 391FD08422E1747B00921C1D /* UIColor+Extension.m */; };
		391FD0C022E1747B00921C1D /* UIView+Nib.m in Sources */ = {isa = PBXBuildFile; fileRef = 391FD08722E1747B00921C1D /* UIView+Nib.m */; };
		391FD0C122E1747B00921C1D /* UIView+FrameHelper.m in Sources */ = {isa = PBXBuildFile; fileRef = 391FD08A22E1747B00921C1D /* UIView+FrameHelper.m */; };
		391FD0C222E1747B00921C1D /* UIView+Color.m in Sources */ = {isa = PBXBuildFile; fileRef = 391FD08D22E1747B00921C1D /* UIView+Color.m */; };
		391FD0C322E1747B00921C1D /* UIView+MBProgressHUD.m in Sources */ = {isa = PBXBuildFile; fileRef = 391FD09022E1747B00921C1D /* UIView+MBProgressHUD.m */; };
		391FD0C422E1747B00921C1D /* UIView+Data.m in Sources */ = {isa = PBXBuildFile; fileRef = 391FD09122E1747B00921C1D /* UIView+Data.m */; };
		391FD0C522E1747B00921C1D /* UIView+DashedLine.m in Sources */ = {isa = PBXBuildFile; fileRef = 391FD09322E1747B00921C1D /* UIView+DashedLine.m */; };
		391FD0C622E1747B00921C1D /* UIView+CornerCategory.m in Sources */ = {isa = PBXBuildFile; fileRef = 391FD09422E1747B00921C1D /* UIView+CornerCategory.m */; };
		391FD0C922E1747B00921C1D /* UIImageView+DashedLine.m in Sources */ = {isa = PBXBuildFile; fileRef = 391FD09B22E1747B00921C1D /* UIImageView+DashedLine.m */; };
		391FD0CA22E1747B00921C1D /* UIImageView+SDWebImage.m in Sources */ = {isa = PBXBuildFile; fileRef = 391FD09C22E1747B00921C1D /* UIImageView+SDWebImage.m */; };
		391FD0CB22E1747B00921C1D /* UIImage+ColorImage.m in Sources */ = {isa = PBXBuildFile; fileRef = 391FD09D22E1747B00921C1D /* UIImage+ColorImage.m */; };
		391FD0CC22E1747B00921C1D /* UIImage+fixOrientation.m in Sources */ = {isa = PBXBuildFile; fileRef = 391FD0A222E1747B00921C1D /* UIImage+fixOrientation.m */; };
		391FD0CD22E1747B00921C1D /* UIViewController+Data.m in Sources */ = {isa = PBXBuildFile; fileRef = 391FD0A522E1747B00921C1D /* UIViewController+Data.m */; };
		391FD0CE22E1747B00921C1D /* UIViewController+storyBoard.m in Sources */ = {isa = PBXBuildFile; fileRef = 391FD0A822E1747B00921C1D /* UIViewController+storyBoard.m */; };
		391FD0CF22E1747B00921C1D /* UIViewController+Category.m in Sources */ = {isa = PBXBuildFile; fileRef = 391FD0A922E1747B00921C1D /* UIViewController+Category.m */; };
		391FD0D022E1747B00921C1D /* UIViewController+Camera.m in Sources */ = {isa = PBXBuildFile; fileRef = 391FD0AA22E1747B00921C1D /* UIViewController+Camera.m */; };
		391FD0D122E1747B00921C1D /* UIViewController+Nib.m in Sources */ = {isa = PBXBuildFile; fileRef = 391FD0AC22E1747B00921C1D /* UIViewController+Nib.m */; };
		391FD0D222E1747B00921C1D /* UINavigationController+StatusBar.m in Sources */ = {isa = PBXBuildFile; fileRef = 391FD0B022E1747B00921C1D /* UINavigationController+StatusBar.m */; };
		391FD0D322E1747B00921C1D /* UITableViewCell+SeparatorInset.m in Sources */ = {isa = PBXBuildFile; fileRef = 391FD0B222E1747B00921C1D /* UITableViewCell+SeparatorInset.m */; };
		391FD0D422E1747B00921C1D /* ZTextField.m in Sources */ = {isa = PBXBuildFile; fileRef = 391FD0B622E1747B00921C1D /* ZTextField.m */; };
		391FD0D522E1747B00921C1D /* ZSearchBarTextField.m in Sources */ = {isa = PBXBuildFile; fileRef = 391FD0B722E1747B00921C1D /* ZSearchBarTextField.m */; };
		391FD0D622E1747B00921C1D /* CALayer+Transition.m in Sources */ = {isa = PBXBuildFile; fileRef = 391FD0BA22E1747B00921C1D /* CALayer+Transition.m */; };
		391FD0DB22E5482D00921C1D /* ZAppStore.m in Sources */ = {isa = PBXBuildFile; fileRef = 391FD0DA22E5482D00921C1D /* ZAppStore.m */; };
		391FD0E822E5487800921C1D /* LocationManager.m in Sources */ = {isa = PBXBuildFile; fileRef = 391FD0DD22E5487800921C1D /* LocationManager.m */; };
		391FD0E922E5487800921C1D /* PrintBeautifulLog.m in Sources */ = {isa = PBXBuildFile; fileRef = 391FD0E122E5487800921C1D /* PrintBeautifulLog.m */; };
		391FD0EA22E5487800921C1D /* DBManager.m in Sources */ = {isa = PBXBuildFile; fileRef = 391FD0E422E5487800921C1D /* DBManager.m */; };
		391FD0EB22E5487800921C1D /* PickView.m in Sources */ = {isa = PBXBuildFile; fileRef = 391FD0E622E5487800921C1D /* PickView.m */; };
		391FD0F622E548AF00921C1D /* BackButton.m in Sources */ = {isa = PBXBuildFile; fileRef = 391FD0EE22E548AF00921C1D /* BackButton.m */; };
		391FD0F722E548AF00921C1D /* TakePictureTool.m in Sources */ = {isa = PBXBuildFile; fileRef = 391FD0F022E548AF00921C1D /* TakePictureTool.m */; };
		391FD0F822E548AF00921C1D /* PhotoTransitions.m in Sources */ = {isa = PBXBuildFile; fileRef = 391FD0F222E548AF00921C1D /* PhotoTransitions.m */; };
		391FD0F922E548AF00921C1D /* PhotoViewController.m in Sources */ = {isa = PBXBuildFile; fileRef = 391FD0F322E548AF00921C1D /* PhotoViewController.m */; };
		391FD0FC22E549B100921C1D /* BaseView.m in Sources */ = {isa = PBXBuildFile; fileRef = 391FD0FB22E549B100921C1D /* BaseView.m */; };
		391FD0FF22E549F500921C1D /* BaseNavigationView.m in Sources */ = {isa = PBXBuildFile; fileRef = 391FD0FE22E549F500921C1D /* BaseNavigationView.m */; };
		391FD10222E54A6B00921C1D /* BaseNavigationController.m in Sources */ = {isa = PBXBuildFile; fileRef = 391FD10122E54A6B00921C1D /* BaseNavigationController.m */; };
		46A549DA17F69BA6D078C0AF /* libPods-ZProject.a in Frameworks */ = {isa = PBXBuildFile; fileRef = 71036C5BFB8557166433CC34 /* libPods-ZProject.a */; };
		FE7B8E642313DE0C007EE058 /* BaseTabBarViewController.m in Sources */ = {isa = PBXBuildFile; fileRef = FE7B8E632313DE0C007EE058 /* BaseTabBarViewController.m */; };
		FE7B8E872314BF48007EE058 /* AlertController.m in Sources */ = {isa = PBXBuildFile; fileRef = FE7B8E672314BF47007EE058 /* AlertController.m */; };
		FE7B8E882314BF48007EE058 /* HMSegmentedControl.m in Sources */ = {isa = PBXBuildFile; fileRef = FE7B8E6A2314BF47007EE058 /* HMSegmentedControl.m */; };
		FE7B8E892314BF48007EE058 /* UIViewController+YNPageExtend.m in Sources */ = {isa = PBXBuildFile; fileRef = FE7B8E6D2314BF47007EE058 /* UIViewController+YNPageExtend.m */; };
		FE7B8E8A2314BF48007EE058 /* UIView+YNPageExtend.m in Sources */ = {isa = PBXBuildFile; fileRef = FE7B8E6E2314BF47007EE058 /* UIView+YNPageExtend.m */; };
		FE7B8E8B2314BF48007EE058 /* UIScrollView+YNPageExtend.m in Sources */ = {isa = PBXBuildFile; fileRef = FE7B8E722314BF48007EE058 /* UIScrollView+YNPageExtend.m */; };
		FE7B8E8C2314BF48007EE058 /* YNPageViewController.m in Sources */ = {isa = PBXBuildFile; fileRef = FE7B8E732314BF48007EE058 /* YNPageViewController.m */; };
		FE7B8E8D2314BF48007EE058 /* YNPageConfigration.m in Sources */ = {isa = PBXBuildFile; fileRef = FE7B8E742314BF48007EE058 /* YNPageConfigration.m */; };
		FE7B8E8E2314BF48007EE058 /* YNPageTableView.m in Sources */ = {isa = PBXBuildFile; fileRef = FE7B8E772314BF48007EE058 /* YNPageTableView.m */; };
		FE7B8E8F2314BF48007EE058 /* YNPageScrollView.m in Sources */ = {isa = PBXBuildFile; fileRef = FE7B8E7A2314BF48007EE058 /* YNPageScrollView.m */; };
		FE7B8E902314BF48007EE058 /* YNPageHeaderScrollView.m in Sources */ = {isa = PBXBuildFile; fileRef = FE7B8E7B2314BF48007EE058 /* YNPageHeaderScrollView.m */; };
		FE7B8E912314BF48007EE058 /* YNPageCollectionView.m in Sources */ = {isa = PBXBuildFile; fileRef = FE7B8E7C2314BF48007EE058 /* YNPageCollectionView.m */; };
		FE7B8E922314BF48007EE058 /* YNPageScrollMenuView.m in Sources */ = {isa = PBXBuildFile; fileRef = FE7B8E7E2314BF48007EE058 /* YNPageScrollMenuView.m */; };
		FE7B8E932314BF48007EE058 /* PlayerController.m in Sources */ = {isa = PBXBuildFile; fileRef = FE7B8E832314BF48007EE058 /* PlayerController.m */; };
		FE7B8E942314BF48007EE058 /* PlayerView.m in Sources */ = {isa = PBXBuildFile; fileRef = FE7B8E842314BF48007EE058 /* PlayerView.m */; };
/* End PBXBuildFile section */

/* Begin PBXContainerItemProxy section */
		18006EBB1D8FACDB00CDA77D /* PBXContainerItemProxy */ = {
			isa = PBXContainerItemProxy;
			containerPortal = 18006E991D8FACDB00CDA77D /* Project object */;
			proxyType = 1;
			remoteGlobalIDString = 18006EA01D8FACDB00CDA77D;
			remoteInfo = ZProject;
		};
		18006EC61D8FACDB00CDA77D /* PBXContainerItemProxy */ = {
			isa = PBXContainerItemProxy;
			containerPortal = 18006E991D8FACDB00CDA77D /* Project object */;
			proxyType = 1;
			remoteGlobalIDString = 18006EA01D8FACDB00CDA77D;
			remoteInfo = ZProject;
		};
/* End PBXContainerItemProxy section */

/* Begin PBXFileReference section */
		18006EA11D8FACDB00CDA77D /* ZProject.app */ = {isa = PBXFileReference; explicitFileType = wrapper.application; includeInIndex = 0; path = ZProject.app; sourceTree = BUILT_PRODUCTS_DIR; };
		18006EBA1D8FACDB00CDA77D /* ZProjectTests.xctest */ = {isa = PBXFileReference; explicitFileType = wrapper.cfbundle; includeInIndex = 0; path = ZProjectTests.xctest; sourceTree = BUILT_PRODUCTS_DIR; };
		18006EBE1D8FACDB00CDA77D /* ZProjectTests.m */ = {isa = PBXFileReference; lastKnownFileType = sourcecode.c.objc; path = ZProjectTests.m; sourceTree = "<group>"; };
		18006EC01D8FACDB00CDA77D /* Info.plist */ = {isa = PBXFileReference; lastKnownFileType = text.plist.xml; path = Info.plist; sourceTree = "<group>"; };
		18006EC51D8FACDB00CDA77D /* ZProjectUITests.xctest */ = {isa = PBXFileReference; explicitFileType = wrapper.cfbundle; includeInIndex = 0; path = ZProjectUITests.xctest; sourceTree = BUILT_PRODUCTS_DIR; };
		18006EC91D8FACDB00CDA77D /* ZProjectUITests.m */ = {isa = PBXFileReference; lastKnownFileType = sourcecode.c.objc; path = ZProjectUITests.m; sourceTree = "<group>"; };
		18006ECB1D8FACDB00CDA77D /* Info.plist */ = {isa = PBXFileReference; lastKnownFileType = text.plist.xml; path = Info.plist; sourceTree = "<group>"; };
		18006EE01D8FC58B00CDA77D /* AppDelegate.h */ = {isa = PBXFileReference; fileEncoding = 4; lastKnownFileType = sourcecode.c.h; path = AppDelegate.h; sourceTree = "<group>"; };
		18006EE11D8FC58B00CDA77D /* AppDelegate.m */ = {isa = PBXFileReference; fileEncoding = 4; lastKnownFileType = sourcecode.c.objc; path = AppDelegate.m; sourceTree = "<group>"; };
		18006EE31D8FC58B00CDA77D /* LaunchScreen.storyboard */ = {isa = PBXFileReference; fileEncoding = 4; lastKnownFileType = file.storyboard; path = LaunchScreen.storyboard; sourceTree = "<group>"; };
		18006EE41D8FC58B00CDA77D /* main.m */ = {isa = PBXFileReference; fileEncoding = 4; lastKnownFileType = sourcecode.c.objc; path = main.m; sourceTree = "<group>"; };
		18006EE51D8FC58B00CDA77D /* Main.storyboard */ = {isa = PBXFileReference; fileEncoding = 4; lastKnownFileType = file.storyboard; path = Main.storyboard; sourceTree = "<group>"; };
		18006EE81D8FC58B00CDA77D /* BaseViewController.h */ = {isa = PBXFileReference; fileEncoding = 4; lastKnownFileType = sourcecode.c.h; path = BaseViewController.h; sourceTree = "<group>"; };
		18006EE91D8FC58B00CDA77D /* BaseViewController.m */ = {isa = PBXFileReference; fileEncoding = 4; lastKnownFileType = sourcecode.c.objc; path = BaseViewController.m; sourceTree = "<group>"; };
		18006EF81D8FC58B00CDA77D /* Assets.xcassets */ = {isa = PBXFileReference; lastKnownFileType = folder.assetcatalog; path = Assets.xcassets; sourceTree = "<group>"; };
		18006EFB1D8FC58B00CDA77D /* Info.plist */ = {isa = PBXFileReference; fileEncoding = 4; lastKnownFileType = text.plist.xml; path = Info.plist; sourceTree = "<group>"; };
		180072101D8FC9AA00CDA77D /* PlaceHolder */ = {isa = PBXFileReference; fileEncoding = 4; lastKnownFileType = text; path = PlaceHolder; sourceTree = "<group>"; };
		180072161D8FC9CE00CDA77D /* PlaceHolder */ = {isa = PBXFileReference; fileEncoding = 4; lastKnownFileType = text; path = PlaceHolder; sourceTree = "<group>"; };
		180072281D8FCA0700CDA77D /* PlaceHolder */ = {isa = PBXFileReference; fileEncoding = 4; lastKnownFileType = text; path = PlaceHolder; sourceTree = "<group>"; };
		1800722C1D8FCA1400CDA77D /* PlaceHolder */ = {isa = PBXFileReference; fileEncoding = 4; lastKnownFileType = text; path = PlaceHolder; sourceTree = "<group>"; };
		18B74FA51D9227EB0038BA79 /* QuartzCore.framework */ = {isa = PBXFileReference; lastKnownFileType = wrapper.framework; name = QuartzCore.framework; path = System/Library/Frameworks/QuartzCore.framework; sourceTree = SDKROOT; };
		18B74FA71D9228020038BA79 /* ImageIO.framework */ = {isa = PBXFileReference; lastKnownFileType = wrapper.framework; name = ImageIO.framework; path = System/Library/Frameworks/ImageIO.framework; sourceTree = SDKROOT; };
		18B74FA91D92280D0038BA79 /* SystemConfiguration.framework */ = {isa = PBXFileReference; lastKnownFileType = wrapper.framework; name = SystemConfiguration.framework; path = System/Library/Frameworks/SystemConfiguration.framework; sourceTree = SDKROOT; };
		18B74FAB1D9228180038BA79 /* Security.framework */ = {isa = PBXFileReference; lastKnownFileType = wrapper.framework; name = Security.framework; path = System/Library/Frameworks/Security.framework; sourceTree = SDKROOT; };
		18B74FAD1D9228270038BA79 /* CoreTelephony.framework */ = {isa = PBXFileReference; lastKnownFileType = wrapper.framework; name = CoreTelephony.framework; path = System/Library/Frameworks/CoreTelephony.framework; sourceTree = SDKROOT; };
		18B74FAF1D9228300038BA79 /* CoreText.framework */ = {isa = PBXFileReference; lastKnownFileType = wrapper.framework; name = CoreText.framework; path = System/Library/Frameworks/CoreText.framework; sourceTree = SDKROOT; };
		18B74FB11D92283A0038BA79 /* UIKit.framework */ = {isa = PBXFileReference; lastKnownFileType = wrapper.framework; name = UIKit.framework; path = System/Library/Frameworks/UIKit.framework; sourceTree = SDKROOT; };
		18B74FB31D9228440038BA79 /* Foundation.framework */ = {isa = PBXFileReference; lastKnownFileType = wrapper.framework; name = Foundation.framework; path = System/Library/Frameworks/Foundation.framework; sourceTree = SDKROOT; };
		18B74FB51D92284F0038BA79 /* CoreGraphics.framework */ = {isa = PBXFileReference; lastKnownFileType = wrapper.framework; name = CoreGraphics.framework; path = System/Library/Frameworks/CoreGraphics.framework; sourceTree = SDKROOT; };
		18B74FB71D92285C0038BA79 /* libz.tbd */ = {isa = PBXFileReference; lastKnownFileType = "sourcecode.text-based-dylib-definition"; name = libz.tbd; path = usr/lib/libz.tbd; sourceTree = SDKROOT; };
		18B74FB91D9228770038BA79 /* libsqlite3.tbd */ = {isa = PBXFileReference; lastKnownFileType = "sourcecode.text-based-dylib-definition"; name = libsqlite3.tbd; path = usr/lib/libsqlite3.tbd; sourceTree = SDKROOT; };
		18B74FBB1D9229330038BA79 /* Macros.h */ = {isa = PBXFileReference; lastKnownFileType = sourcecode.c.h; path = Macros.h; sourceTree = "<group>"; };
		18B74FBD1D9229B80038BA79 /* Constants.h */ = {isa = PBXFileReference; lastKnownFileType = sourcecode.c.h; path = Constants.h; sourceTree = "<group>"; };
		18B74FBE1D9229E10038BA79 /* NotificationConstants.h */ = {isa = PBXFileReference; lastKnownFileType = sourcecode.c.h; path = NotificationConstants.h; sourceTree = "<group>"; };
		18B74FBF1D9235560038BA79 /* BaseNetRequest.h */ = {isa = PBXFileReference; fileEncoding = 4; lastKnownFileType = sourcecode.c.h; path = BaseNetRequest.h; sourceTree = "<group>"; };
		18B74FC01D9235560038BA79 /* BaseNetRequest.m */ = {isa = PBXFileReference; fileEncoding = 4; lastKnownFileType = sourcecode.c.objc; path = BaseNetRequest.m; sourceTree = "<group>"; };
		18B74FC31D9236180038BA79 /* Block.h */ = {isa = PBXFileReference; lastKnownFileType = sourcecode.c.h; path = Block.h; sourceTree = "<group>"; };
		18B74FC41D9256A00038BA79 /* EnumConstants.h */ = {isa = PBXFileReference; lastKnownFileType = sourcecode.c.h; path = EnumConstants.h; sourceTree = "<group>"; };
		18B74FC81D9289640038BA79 /* WeiboRequest.h */ = {isa = PBXFileReference; fileEncoding = 4; lastKnownFileType = sourcecode.c.h; path = WeiboRequest.h; sourceTree = "<group>"; };
		18B74FC91D9289640038BA79 /* WeiboRequest.m */ = {isa = PBXFileReference; fileEncoding = 4; lastKnownFileType = sourcecode.c.objc; path = WeiboRequest.m; sourceTree = "<group>"; };
		18B74FCB1D928BEE0038BA79 /* ZNetworkRequest.h */ = {isa = PBXFileReference; fileEncoding = 4; lastKnownFileType = sourcecode.c.h; path = ZNetworkRequest.h; sourceTree = "<group>"; };
		18B74FCC1D928BEE0038BA79 /* ZNetworkRequest.m */ = {isa = PBXFileReference; fileEncoding = 4; lastKnownFileType = sourcecode.c.objc; path = ZNetworkRequest.m; sourceTree = "<group>"; };
		18B74FCE1D939BC70038BA79 /* BaseModel.h */ = {isa = PBXFileReference; fileEncoding = 4; lastKnownFileType = sourcecode.c.h; path = BaseModel.h; sourceTree = "<group>"; };
		18B74FCF1D939BC70038BA79 /* BaseModel.m */ = {isa = PBXFileReference; fileEncoding = 4; lastKnownFileType = sourcecode.c.objc; path = BaseModel.m; sourceTree = "<group>"; };
		18B74FD41D939C450038BA79 /* Models.h */ = {isa = PBXFileReference; lastKnownFileType = sourcecode.c.h; path = Models.h; sourceTree = "<group>"; };
		18F6CC1E1D912D3B0093262B /* HomeViewController.h */ = {isa = PBXFileReference; fileEncoding = 4; lastKnownFileType = sourcecode.c.h; path = HomeViewController.h; sourceTree = "<group>"; };
		18F6CC1F1D912D3B0093262B /* HomeViewController.m */ = {isa = PBXFileReference; fileEncoding = 4; lastKnownFileType = sourcecode.c.objc; path = HomeViewController.m; sourceTree = "<group>"; };
		18F6CC211D912D680093262B /* HomeTableViewCell.h */ = {isa = PBXFileReference; fileEncoding = 4; lastKnownFileType = sourcecode.c.h; path = HomeTableViewCell.h; sourceTree = "<group>"; };
		18F6CC221D912D680093262B /* HomeTableViewCell.m */ = {isa = PBXFileReference; fileEncoding = 4; lastKnownFileType = sourcecode.c.objc; path = HomeTableViewCell.m; sourceTree = "<group>"; };
		18F6CC231D912D680093262B /* HomeTableViewCell.xib */ = {isa = PBXFileReference; fileEncoding = 4; lastKnownFileType = file.xib; path = HomeTableViewCell.xib; sourceTree = "<group>"; };
		18F6CC261D912DAE0093262B /* DetailViewController.h */ = {isa = PBXFileReference; fileEncoding = 4; lastKnownFileType = sourcecode.c.h; path = DetailViewController.h; sourceTree = "<group>"; };
		18F6CC271D912DAE0093262B /* DetailViewController.m */ = {isa = PBXFileReference; fileEncoding = 4; lastKnownFileType = sourcecode.c.objc; path = DetailViewController.m; sourceTree = "<group>"; };
		18F6CC291D912E3B0093262B /* PrefixHeader.pch */ = {isa = PBXFileReference; lastKnownFileType = sourcecode.c.h; path = PrefixHeader.pch; sourceTree = "<group>"; };
		391FD05422E16F8D00921C1D /* ZErrorModel.h */ = {isa = PBXFileReference; lastKnownFileType = sourcecode.c.h; path = ZErrorModel.h; sourceTree = "<group>"; };
		391FD05522E16F8D00921C1D /* ZErrorModel.m */ = {isa = PBXFileReference; lastKnownFileType = sourcecode.c.objc; path = ZErrorModel.m; sourceTree = "<group>"; };
		391FD05722E1722200921C1D /* Macro+Port.h */ = {isa = PBXFileReference; lastKnownFileType = sourcecode.c.h; path = "Macro+Port.h"; sourceTree = "<group>"; };
		391FD05922E173D400921C1D /* NSData+AES.h */ = {isa = PBXFileReference; fileEncoding = 4; lastKnownFileType = sourcecode.c.h; path = "NSData+AES.h"; sourceTree = "<group>"; };
		391FD05A22E173D400921C1D /* NSData+AES.m */ = {isa = PBXFileReference; fileEncoding = 4; lastKnownFileType = sourcecode.c.objc; path = "NSData+AES.m"; sourceTree = "<group>"; };
		391FD05C22E173D500921C1D /* IPhoneVersion.h */ = {isa = PBXFileReference; fileEncoding = 4; lastKnownFileType = sourcecode.c.h; path = IPhoneVersion.h; sourceTree = "<group>"; };
		391FD05D22E173D500921C1D /* MultiLanguageUtil.m */ = {isa = PBXFileReference; fileEncoding = 4; lastKnownFileType = sourcecode.c.objc; path = MultiLanguageUtil.m; sourceTree = "<group>"; };
		391FD05E22E173D500921C1D /* NSObject+Category.h */ = {isa = PBXFileReference; fileEncoding = 4; lastKnownFileType = sourcecode.c.h; path = "NSObject+Category.h"; sourceTree = "<group>"; };
		391FD05F22E173D500921C1D /* NSObject+Notification.m */ = {isa = PBXFileReference; fileEncoding = 4; lastKnownFileType = sourcecode.c.objc; path = "NSObject+Notification.m"; sourceTree = "<group>"; };
		391FD06022E173D500921C1D /* NSBundle+Language.m */ = {isa = PBXFileReference; fileEncoding = 4; lastKnownFileType = sourcecode.c.objc; path = "NSBundle+Language.m"; sourceTree = "<group>"; };
		391FD06122E173D500921C1D /* NSObject+Category.m */ = {isa = PBXFileReference; fileEncoding = 4; lastKnownFileType = sourcecode.c.objc; path = "NSObject+Category.m"; sourceTree = "<group>"; };
		391FD06222E173D500921C1D /* MultiLanguageUtil.h */ = {isa = PBXFileReference; fileEncoding = 4; lastKnownFileType = sourcecode.c.h; path = MultiLanguageUtil.h; sourceTree = "<group>"; };
		391FD06322E173D500921C1D /* IPhoneVersion.m */ = {isa = PBXFileReference; fileEncoding = 4; lastKnownFileType = sourcecode.c.objc; path = IPhoneVersion.m; sourceTree = "<group>"; };
		391FD06422E173D500921C1D /* NSBundle+Language.h */ = {isa = PBXFileReference; fileEncoding = 4; lastKnownFileType = sourcecode.c.h; path = "NSBundle+Language.h"; sourceTree = "<group>"; };
		391FD06522E173D500921C1D /* NSObject+Notification.h */ = {isa = PBXFileReference; fileEncoding = 4; lastKnownFileType = sourcecode.c.h; path = "NSObject+Notification.h"; sourceTree = "<group>"; };
		391FD06722E173D500921C1D /* NSString+Category.h */ = {isa = PBXFileReference; fileEncoding = 4; lastKnownFileType = sourcecode.c.h; path = "NSString+Category.h"; sourceTree = "<group>"; };
		391FD06822E173D500921C1D /* spelling.h */ = {isa = PBXFileReference; fileEncoding = 4; lastKnownFileType = sourcecode.c.h; path = spelling.h; sourceTree = "<group>"; };
		391FD06922E173D500921C1D /* NSString+ChineseCharactersToSpelling.h */ = {isa = PBXFileReference; fileEncoding = 4; lastKnownFileType = sourcecode.c.h; path = "NSString+ChineseCharactersToSpelling.h"; sourceTree = "<group>"; };
		391FD06A22E173D500921C1D /* spelling.m */ = {isa = PBXFileReference; fileEncoding = 4; lastKnownFileType = sourcecode.c.objc; path = spelling.m; sourceTree = "<group>"; };
		391FD06B22E173D500921C1D /* NSString+Category.m */ = {isa = PBXFileReference; fileEncoding = 4; lastKnownFileType = sourcecode.c.objc; path = "NSString+Category.m"; sourceTree = "<group>"; };
		391FD06C22E173D500921C1D /* NSString+ChineseCharactersToSpelling.m */ = {isa = PBXFileReference; fileEncoding = 4; lastKnownFileType = sourcecode.c.objc; path = "NSString+ChineseCharactersToSpelling.m"; sourceTree = "<group>"; };
		391FD07622E1742C00921C1D /* CacheDataSource.m */ = {isa = PBXFileReference; fileEncoding = 4; lastKnownFileType = sourcecode.c.objc; path = CacheDataSource.m; sourceTree = "<group>"; };
		391FD07722E1742C00921C1D /* CacheDataSource.h */ = {isa = PBXFileReference; fileEncoding = 4; lastKnownFileType = sourcecode.c.h; path = CacheDataSource.h; sourceTree = "<group>"; };
		391FD07922E1747B00921C1D /* CategoryHeader.h */ = {isa = PBXFileReference; fileEncoding = 4; lastKnownFileType = sourcecode.c.h; path = CategoryHeader.h; sourceTree = "<group>"; };
		391FD07C22E1747B00921C1D /* UILabel+Category.m */ = {isa = PBXFileReference; fileEncoding = 4; lastKnownFileType = sourcecode.c.objc; path = "UILabel+Category.m"; sourceTree = "<group>"; };
		391FD07D22E1747B00921C1D /* UILabel+Category.h */ = {isa = PBXFileReference; fileEncoding = 4; lastKnownFileType = sourcecode.c.h; path = "UILabel+Category.h"; sourceTree = "<group>"; };
		391FD07F22E1747B00921C1D /* UIButton+EnlargeTouch.h */ = {isa = PBXFileReference; fileEncoding = 4; lastKnownFileType = sourcecode.c.h; path = "UIButton+EnlargeTouch.h"; sourceTree = "<group>"; };
		391FD08022E1747B00921C1D /* UIButton+EnlargeTouch.m */ = {isa = PBXFileReference; fileEncoding = 4; lastKnownFileType = sourcecode.c.objc; path = "UIButton+EnlargeTouch.m"; sourceTree = "<group>"; };
		391FD08222E1747B00921C1D /* UIColor+Extension.h */ = {isa = PBXFileReference; fileEncoding = 4; lastKnownFileType = sourcecode.c.h; path = "UIColor+Extension.h"; sourceTree = "<group>"; };
		391FD08322E1747B00921C1D /* UIColor+PXColors.m */ = {isa = PBXFileReference; fileEncoding = 4; lastKnownFileType = sourcecode.c.objc; path = "UIColor+PXColors.m"; sourceTree = "<group>"; };
		391FD08422E1747B00921C1D /* UIColor+Extension.m */ = {isa = PBXFileReference; fileEncoding = 4; lastKnownFileType = sourcecode.c.objc; path = "UIColor+Extension.m"; sourceTree = "<group>"; };
		391FD08522E1747B00921C1D /* UIColor+PXColors.h */ = {isa = PBXFileReference; fileEncoding = 4; lastKnownFileType = sourcecode.c.h; path = "UIColor+PXColors.h"; sourceTree = "<group>"; };
		391FD08722E1747B00921C1D /* UIView+Nib.m */ = {isa = PBXFileReference; fileEncoding = 4; lastKnownFileType = sourcecode.c.objc; path = "UIView+Nib.m"; sourceTree = "<group>"; };
		391FD08822E1747B00921C1D /* UIView+Data.h */ = {isa = PBXFileReference; fileEncoding = 4; lastKnownFileType = sourcecode.c.h; path = "UIView+Data.h"; sourceTree = "<group>"; };
		391FD08922E1747B00921C1D /* UIView+MBProgressHUD.h */ = {isa = PBXFileReference; fileEncoding = 4; lastKnownFileType = sourcecode.c.h; path = "UIView+MBProgressHUD.h"; sourceTree = "<group>"; };
		391FD08A22E1747B00921C1D /* UIView+FrameHelper.m */ = {isa = PBXFileReference; fileEncoding = 4; lastKnownFileType = sourcecode.c.objc; path = "UIView+FrameHelper.m"; sourceTree = "<group>"; };
		391FD08B22E1747B00921C1D /* UIView+CornerCategory.h */ = {isa = PBXFileReference; fileEncoding = 4; lastKnownFileType = sourcecode.c.h; path = "UIView+CornerCategory.h"; sourceTree = "<group>"; };
		391FD08C22E1747B00921C1D /* UIView+DashedLine.h */ = {isa = PBXFileReference; fileEncoding = 4; lastKnownFileType = sourcecode.c.h; path = "UIView+DashedLine.h"; sourceTree = "<group>"; };
		391FD08D22E1747B00921C1D /* UIView+Color.m */ = {isa = PBXFileReference; fileEncoding = 4; lastKnownFileType = sourcecode.c.objc; path = "UIView+Color.m"; sourceTree = "<group>"; };
		391FD08E22E1747B00921C1D /* UIView+Nib.h */ = {isa = PBXFileReference; fileEncoding = 4; lastKnownFileType = sourcecode.c.h; path = "UIView+Nib.h"; sourceTree = "<group>"; };
		391FD08F22E1747B00921C1D /* UIView+FrameHelper.h */ = {isa = PBXFileReference; fileEncoding = 4; lastKnownFileType = sourcecode.c.h; path = "UIView+FrameHelper.h"; sourceTree = "<group>"; };
		391FD09022E1747B00921C1D /* UIView+MBProgressHUD.m */ = {isa = PBXFileReference; fileEncoding = 4; lastKnownFileType = sourcecode.c.objc; path = "UIView+MBProgressHUD.m"; sourceTree = "<group>"; };
		391FD09122E1747B00921C1D /* UIView+Data.m */ = {isa = PBXFileReference; fileEncoding = 4; lastKnownFileType = sourcecode.c.objc; path = "UIView+Data.m"; sourceTree = "<group>"; };
		391FD09222E1747B00921C1D /* UIView+Color.h */ = {isa = PBXFileReference; fileEncoding = 4; lastKnownFileType = sourcecode.c.h; path = "UIView+Color.h"; sourceTree = "<group>"; };
		391FD09322E1747B00921C1D /* UIView+DashedLine.m */ = {isa = PBXFileReference; fileEncoding = 4; lastKnownFileType = sourcecode.c.objc; path = "UIView+DashedLine.m"; sourceTree = "<group>"; };
		391FD09422E1747B00921C1D /* UIView+CornerCategory.m */ = {isa = PBXFileReference; fileEncoding = 4; lastKnownFileType = sourcecode.c.objc; path = "UIView+CornerCategory.m"; sourceTree = "<group>"; };
		391FD09B22E1747B00921C1D /* UIImageView+DashedLine.m */ = {isa = PBXFileReference; fileEncoding = 4; lastKnownFileType = sourcecode.c.objc; path = "UIImageView+DashedLine.m"; sourceTree = "<group>"; };
		391FD09C22E1747B00921C1D /* UIImageView+SDWebImage.m */ = {isa = PBXFileReference; fileEncoding = 4; lastKnownFileType = sourcecode.c.objc; path = "UIImageView+SDWebImage.m"; sourceTree = "<group>"; };
		391FD09D22E1747B00921C1D /* UIImage+ColorImage.m */ = {isa = PBXFileReference; fileEncoding = 4; lastKnownFileType = sourcecode.c.objc; path = "UIImage+ColorImage.m"; sourceTree = "<group>"; };
		391FD09E22E1747B00921C1D /* UIImage+fixOrientation.h */ = {isa = PBXFileReference; fileEncoding = 4; lastKnownFileType = sourcecode.c.h; path = "UIImage+fixOrientation.h"; sourceTree = "<group>"; };
		391FD09F22E1747B00921C1D /* UIImageView+DashedLine.h */ = {isa = PBXFileReference; fileEncoding = 4; lastKnownFileType = sourcecode.c.h; path = "UIImageView+DashedLine.h"; sourceTree = "<group>"; };
		391FD0A022E1747B00921C1D /* UIImageView+SDWebImage.h */ = {isa = PBXFileReference; fileEncoding = 4; lastKnownFileType = sourcecode.c.h; path = "UIImageView+SDWebImage.h"; sourceTree = "<group>"; };
		391FD0A122E1747B00921C1D /* UIImage+ColorImage.h */ = {isa = PBXFileReference; fileEncoding = 4; lastKnownFileType = sourcecode.c.h; path = "UIImage+ColorImage.h"; sourceTree = "<group>"; };
		391FD0A222E1747B00921C1D /* UIImage+fixOrientation.m */ = {isa = PBXFileReference; fileEncoding = 4; lastKnownFileType = sourcecode.c.objc; path = "UIImage+fixOrientation.m"; sourceTree = "<group>"; };
		391FD0A422E1747B00921C1D /* UIViewController+Nib.h */ = {isa = PBXFileReference; fileEncoding = 4; lastKnownFileType = sourcecode.c.h; path = "UIViewController+Nib.h"; sourceTree = "<group>"; };
		391FD0A522E1747B00921C1D /* UIViewController+Data.m */ = {isa = PBXFileReference; fileEncoding = 4; lastKnownFileType = sourcecode.c.objc; path = "UIViewController+Data.m"; sourceTree = "<group>"; };
		391FD0A622E1747B00921C1D /* UIViewController+Camera.h */ = {isa = PBXFileReference; fileEncoding = 4; lastKnownFileType = sourcecode.c.h; path = "UIViewController+Camera.h"; sourceTree = "<group>"; };
		391FD0A722E1747B00921C1D /* UIViewController+Category.h */ = {isa = PBXFileReference; fileEncoding = 4; lastKnownFileType = sourcecode.c.h; path = "UIViewController+Category.h"; sourceTree = "<group>"; };
		391FD0A822E1747B00921C1D /* UIViewController+storyBoard.m */ = {isa = PBXFileReference; fileEncoding = 4; lastKnownFileType = sourcecode.c.objc; path = "UIViewController+storyBoard.m"; sourceTree = "<group>"; };
		391FD0A922E1747B00921C1D /* UIViewController+Category.m */ = {isa = PBXFileReference; fileEncoding = 4; lastKnownFileType = sourcecode.c.objc; path = "UIViewController+Category.m"; sourceTree = "<group>"; };
		391FD0AA22E1747B00921C1D /* UIViewController+Camera.m */ = {isa = PBXFileReference; fileEncoding = 4; lastKnownFileType = sourcecode.c.objc; path = "UIViewController+Camera.m"; sourceTree = "<group>"; };
		391FD0AB22E1747B00921C1D /* UIViewController+Data.h */ = {isa = PBXFileReference; fileEncoding = 4; lastKnownFileType = sourcecode.c.h; path = "UIViewController+Data.h"; sourceTree = "<group>"; };
		391FD0AC22E1747B00921C1D /* UIViewController+Nib.m */ = {isa = PBXFileReference; fileEncoding = 4; lastKnownFileType = sourcecode.c.objc; path = "UIViewController+Nib.m"; sourceTree = "<group>"; };
		391FD0AD22E1747B00921C1D /* UIViewController+storyBoard.h */ = {isa = PBXFileReference; fileEncoding = 4; lastKnownFileType = sourcecode.c.h; path = "UIViewController+storyBoard.h"; sourceTree = "<group>"; };
		391FD0AF22E1747B00921C1D /* UINavigationController+StatusBar.h */ = {isa = PBXFileReference; fileEncoding = 4; lastKnownFileType = sourcecode.c.h; path = "UINavigationController+StatusBar.h"; sourceTree = "<group>"; };
		391FD0B022E1747B00921C1D /* UINavigationController+StatusBar.m */ = {isa = PBXFileReference; fileEncoding = 4; lastKnownFileType = sourcecode.c.objc; path = "UINavigationController+StatusBar.m"; sourceTree = "<group>"; };
		391FD0B222E1747B00921C1D /* UITableViewCell+SeparatorInset.m */ = {isa = PBXFileReference; fileEncoding = 4; lastKnownFileType = sourcecode.c.objc; path = "UITableViewCell+SeparatorInset.m"; sourceTree = "<group>"; };
		391FD0B322E1747B00921C1D /* UITableViewCell+SeparatorInset.h */ = {isa = PBXFileReference; fileEncoding = 4; lastKnownFileType = sourcecode.c.h; path = "UITableViewCell+SeparatorInset.h"; sourceTree = "<group>"; };
		391FD0B522E1747B00921C1D /* ZSearchBarTextField.h */ = {isa = PBXFileReference; fileEncoding = 4; lastKnownFileType = sourcecode.c.h; path = ZSearchBarTextField.h; sourceTree = "<group>"; };
		391FD0B622E1747B00921C1D /* ZTextField.m */ = {isa = PBXFileReference; fileEncoding = 4; lastKnownFileType = sourcecode.c.objc; path = ZTextField.m; sourceTree = "<group>"; };
		391FD0B722E1747B00921C1D /* ZSearchBarTextField.m */ = {isa = PBXFileReference; fileEncoding = 4; lastKnownFileType = sourcecode.c.objc; path = ZSearchBarTextField.m; sourceTree = "<group>"; };
		391FD0B822E1747B00921C1D /* ZTextField.h */ = {isa = PBXFileReference; fileEncoding = 4; lastKnownFileType = sourcecode.c.h; path = ZTextField.h; sourceTree = "<group>"; };
		391FD0BA22E1747B00921C1D /* CALayer+Transition.m */ = {isa = PBXFileReference; fileEncoding = 4; lastKnownFileType = sourcecode.c.objc; path = "CALayer+Transition.m"; sourceTree = "<group>"; };
		391FD0BB22E1747B00921C1D /* CALayer+Transition.h */ = {isa = PBXFileReference; fileEncoding = 4; lastKnownFileType = sourcecode.c.h; path = "CALayer+Transition.h"; sourceTree = "<group>"; };
		391FD0D722E1756500921C1D /* Macro+Singleton.h */ = {isa = PBXFileReference; fileEncoding = 4; lastKnownFileType = sourcecode.c.h; path = "Macro+Singleton.h"; sourceTree = "<group>"; };
		391FD0D922E5482D00921C1D /* ZAppStore.h */ = {isa = PBXFileReference; fileEncoding = 4; lastKnownFileType = sourcecode.c.h; path = ZAppStore.h; sourceTree = "<group>"; };
		391FD0DA22E5482D00921C1D /* ZAppStore.m */ = {isa = PBXFileReference; fileEncoding = 4; lastKnownFileType = sourcecode.c.objc; path = ZAppStore.m; sourceTree = "<group>"; };
		391FD0DD22E5487800921C1D /* LocationManager.m */ = {isa = PBXFileReference; fileEncoding = 4; lastKnownFileType = sourcecode.c.objc; path = LocationManager.m; sourceTree = "<group>"; };
		391FD0DE22E5487800921C1D /* LocationManager.h */ = {isa = PBXFileReference; fileEncoding = 4; lastKnownFileType = sourcecode.c.h; path = LocationManager.h; sourceTree = "<group>"; };
		391FD0E022E5487800921C1D /* PrintBeautifulLog.h */ = {isa = PBXFileReference; fileEncoding = 4; lastKnownFileType = sourcecode.c.h; path = PrintBeautifulLog.h; sourceTree = "<group>"; };
		391FD0E122E5487800921C1D /* PrintBeautifulLog.m */ = {isa = PBXFileReference; fileEncoding = 4; lastKnownFileType = sourcecode.c.objc; path = PrintBeautifulLog.m; sourceTree = "<group>"; };
		391FD0E322E5487800921C1D /* DBManager.h */ = {isa = PBXFileReference; fileEncoding = 4; lastKnownFileType = sourcecode.c.h; path = DBManager.h; sourceTree = "<group>"; };
		391FD0E422E5487800921C1D /* DBManager.m */ = {isa = PBXFileReference; fileEncoding = 4; lastKnownFileType = sourcecode.c.objc; path = DBManager.m; sourceTree = "<group>"; };
		391FD0E622E5487800921C1D /* PickView.m */ = {isa = PBXFileReference; fileEncoding = 4; lastKnownFileType = sourcecode.c.objc; path = PickView.m; sourceTree = "<group>"; };
		391FD0E722E5487800921C1D /* PickView.h */ = {isa = PBXFileReference; fileEncoding = 4; lastKnownFileType = sourcecode.c.h; path = PickView.h; sourceTree = "<group>"; };
		391FD0ED22E548AF00921C1D /* BackButton.h */ = {isa = PBXFileReference; fileEncoding = 4; lastKnownFileType = sourcecode.c.h; path = BackButton.h; sourceTree = "<group>"; };
		391FD0EE22E548AF00921C1D /* BackButton.m */ = {isa = PBXFileReference; fileEncoding = 4; lastKnownFileType = sourcecode.c.objc; path = BackButton.m; sourceTree = "<group>"; };
		391FD0F022E548AF00921C1D /* TakePictureTool.m */ = {isa = PBXFileReference; fileEncoding = 4; lastKnownFileType = sourcecode.c.objc; path = TakePictureTool.m; sourceTree = "<group>"; };
		391FD0F122E548AF00921C1D /* PhotoViewController.h */ = {isa = PBXFileReference; fileEncoding = 4; lastKnownFileType = sourcecode.c.h; path = PhotoViewController.h; sourceTree = "<group>"; };
		391FD0F222E548AF00921C1D /* PhotoTransitions.m */ = {isa = PBXFileReference; fileEncoding = 4; lastKnownFileType = sourcecode.c.objc; path = PhotoTransitions.m; sourceTree = "<group>"; };
		391FD0F322E548AF00921C1D /* PhotoViewController.m */ = {isa = PBXFileReference; fileEncoding = 4; lastKnownFileType = sourcecode.c.objc; path = PhotoViewController.m; sourceTree = "<group>"; };
		391FD0F422E548AF00921C1D /* TakePictureTool.h */ = {isa = PBXFileReference; fileEncoding = 4; lastKnownFileType = sourcecode.c.h; path = TakePictureTool.h; sourceTree = "<group>"; };
		391FD0F522E548AF00921C1D /* PhotoTransitions.h */ = {isa = PBXFileReference; fileEncoding = 4; lastKnownFileType = sourcecode.c.h; path = PhotoTransitions.h; sourceTree = "<group>"; };
		391FD0FA22E549B100921C1D /* BaseView.h */ = {isa = PBXFileReference; lastKnownFileType = sourcecode.c.h; path = BaseView.h; sourceTree = "<group>"; };
		391FD0FB22E549B100921C1D /* BaseView.m */ = {isa = PBXFileReference; lastKnownFileType = sourcecode.c.objc; path = BaseView.m; sourceTree = "<group>"; };
		391FD0FD22E549F500921C1D /* BaseNavigationView.h */ = {isa = PBXFileReference; lastKnownFileType = sourcecode.c.h; path = BaseNavigationView.h; sourceTree = "<group>"; };
		391FD0FE22E549F500921C1D /* BaseNavigationView.m */ = {isa = PBXFileReference; lastKnownFileType = sourcecode.c.objc; path = BaseNavigationView.m; sourceTree = "<group>"; };
		391FD10022E54A6B00921C1D /* BaseNavigationController.h */ = {isa = PBXFileReference; lastKnownFileType = sourcecode.c.h; path = BaseNavigationController.h; sourceTree = "<group>"; };
		391FD10122E54A6B00921C1D /* BaseNavigationController.m */ = {isa = PBXFileReference; lastKnownFileType = sourcecode.c.objc; path = BaseNavigationController.m; sourceTree = "<group>"; };
		439F13460B6F7635E7F3AB62 /* Pods-ZProject.release.xcconfig */ = {isa = PBXFileReference; includeInIndex = 1; lastKnownFileType = text.xcconfig; name = "Pods-ZProject.release.xcconfig"; path = "Pods/Target Support Files/Pods-ZProject/Pods-ZProject.release.xcconfig"; sourceTree = "<group>"; };
		71036C5BFB8557166433CC34 /* libPods-ZProject.a */ = {isa = PBXFileReference; explicitFileType = archive.ar; includeInIndex = 0; path = "libPods-ZProject.a"; sourceTree = BUILT_PRODUCTS_DIR; };
		E6B113B616F1BE689840D703 /* Pods-ZProject.debug.xcconfig */ = {isa = PBXFileReference; includeInIndex = 1; lastKnownFileType = text.xcconfig; name = "Pods-ZProject.debug.xcconfig"; path = "Pods/Target Support Files/Pods-ZProject/Pods-ZProject.debug.xcconfig"; sourceTree = "<group>"; };
		FE7B8E622313DE0C007EE058 /* BaseTabBarViewController.h */ = {isa = PBXFileReference; lastKnownFileType = sourcecode.c.h; path = BaseTabBarViewController.h; sourceTree = "<group>"; };
		FE7B8E632313DE0C007EE058 /* BaseTabBarViewController.m */ = {isa = PBXFileReference; lastKnownFileType = sourcecode.c.objc; path = BaseTabBarViewController.m; sourceTree = "<group>"; };
		FE7B8E662314BF47007EE058 /* AlertController.h */ = {isa = PBXFileReference; fileEncoding = 4; lastKnownFileType = sourcecode.c.h; path = AlertController.h; sourceTree = "<group>"; };
		FE7B8E672314BF47007EE058 /* AlertController.m */ = {isa = PBXFileReference; fileEncoding = 4; lastKnownFileType = sourcecode.c.objc; path = AlertController.m; sourceTree = "<group>"; };
		FE7B8E692314BF47007EE058 /* HMSegmentedControl.h */ = {isa = PBXFileReference; fileEncoding = 4; lastKnownFileType = sourcecode.c.h; path = HMSegmentedControl.h; sourceTree = "<group>"; };
		FE7B8E6A2314BF47007EE058 /* HMSegmentedControl.m */ = {isa = PBXFileReference; fileEncoding = 4; lastKnownFileType = sourcecode.c.objc; path = HMSegmentedControl.m; sourceTree = "<group>"; };
		FE7B8E6D2314BF47007EE058 /* UIViewController+YNPageExtend.m */ = {isa = PBXFileReference; fileEncoding = 4; lastKnownFileType = sourcecode.c.objc; path = "UIViewController+YNPageExtend.m"; sourceTree = "<group>"; };
		FE7B8E6E2314BF47007EE058 /* UIView+YNPageExtend.m */ = {isa = PBXFileReference; fileEncoding = 4; lastKnownFileType = sourcecode.c.objc; path = "UIView+YNPageExtend.m"; sourceTree = "<group>"; };
		FE7B8E6F2314BF47007EE058 /* UIScrollView+YNPageExtend.h */ = {isa = PBXFileReference; fileEncoding = 4; lastKnownFileType = sourcecode.c.h; path = "UIScrollView+YNPageExtend.h"; sourceTree = "<group>"; };
		FE7B8E702314BF48007EE058 /* UIView+YNPageExtend.h */ = {isa = PBXFileReference; fileEncoding = 4; lastKnownFileType = sourcecode.c.h; path = "UIView+YNPageExtend.h"; sourceTree = "<group>"; };
		FE7B8E712314BF48007EE058 /* UIViewController+YNPageExtend.h */ = {isa = PBXFileReference; fileEncoding = 4; lastKnownFileType = sourcecode.c.h; path = "UIViewController+YNPageExtend.h"; sourceTree = "<group>"; };
		FE7B8E722314BF48007EE058 /* UIScrollView+YNPageExtend.m */ = {isa = PBXFileReference; fileEncoding = 4; lastKnownFileType = sourcecode.c.objc; path = "UIScrollView+YNPageExtend.m"; sourceTree = "<group>"; };
		FE7B8E732314BF48007EE058 /* YNPageViewController.m */ = {isa = PBXFileReference; fileEncoding = 4; lastKnownFileType = sourcecode.c.objc; path = YNPageViewController.m; sourceTree = "<group>"; };
		FE7B8E742314BF48007EE058 /* YNPageConfigration.m */ = {isa = PBXFileReference; fileEncoding = 4; lastKnownFileType = sourcecode.c.objc; path = YNPageConfigration.m; sourceTree = "<group>"; };
		FE7B8E762314BF48007EE058 /* YNPageHeaderScrollView.h */ = {isa = PBXFileReference; fileEncoding = 4; lastKnownFileType = sourcecode.c.h; path = YNPageHeaderScrollView.h; sourceTree = "<group>"; };
		FE7B8E772314BF48007EE058 /* YNPageTableView.m */ = {isa = PBXFileReference; fileEncoding = 4; lastKnownFileType = sourcecode.c.objc; path = YNPageTableView.m; sourceTree = "<group>"; };
		FE7B8E782314BF48007EE058 /* YNPageCollectionView.h */ = {isa = PBXFileReference; fileEncoding = 4; lastKnownFileType = sourcecode.c.h; path = YNPageCollectionView.h; sourceTree = "<group>"; };
		FE7B8E792314BF48007EE058 /* YNPageScrollMenuView.h */ = {isa = PBXFileReference; fileEncoding = 4; lastKnownFileType = sourcecode.c.h; path = YNPageScrollMenuView.h; sourceTree = "<group>"; };
		FE7B8E7A2314BF48007EE058 /* YNPageScrollView.m */ = {isa = PBXFileReference; fileEncoding = 4; lastKnownFileType = sourcecode.c.objc; path = YNPageScrollView.m; sourceTree = "<group>"; };
		FE7B8E7B2314BF48007EE058 /* YNPageHeaderScrollView.m */ = {isa = PBXFileReference; fileEncoding = 4; lastKnownFileType = sourcecode.c.objc; path = YNPageHeaderScrollView.m; sourceTree = "<group>"; };
		FE7B8E7C2314BF48007EE058 /* YNPageCollectionView.m */ = {isa = PBXFileReference; fileEncoding = 4; lastKnownFileType = sourcecode.c.objc; path = YNPageCollectionView.m; sourceTree = "<group>"; };
		FE7B8E7D2314BF48007EE058 /* YNPageTableView.h */ = {isa = PBXFileReference; fileEncoding = 4; lastKnownFileType = sourcecode.c.h; path = YNPageTableView.h; sourceTree = "<group>"; };
		FE7B8E7E2314BF48007EE058 /* YNPageScrollMenuView.m */ = {isa = PBXFileReference; fileEncoding = 4; lastKnownFileType = sourcecode.c.objc; path = YNPageScrollMenuView.m; sourceTree = "<group>"; };
		FE7B8E7F2314BF48007EE058 /* YNPageScrollView.h */ = {isa = PBXFileReference; fileEncoding = 4; lastKnownFileType = sourcecode.c.h; path = YNPageScrollView.h; sourceTree = "<group>"; };
		FE7B8E802314BF48007EE058 /* YNPageConfigration.h */ = {isa = PBXFileReference; fileEncoding = 4; lastKnownFileType = sourcecode.c.h; path = YNPageConfigration.h; sourceTree = "<group>"; };
		FE7B8E812314BF48007EE058 /* YNPageViewController.h */ = {isa = PBXFileReference; fileEncoding = 4; lastKnownFileType = sourcecode.c.h; path = YNPageViewController.h; sourceTree = "<group>"; };
		FE7B8E832314BF48007EE058 /* PlayerController.m */ = {isa = PBXFileReference; fileEncoding = 4; lastKnownFileType = sourcecode.c.objc; path = PlayerController.m; sourceTree = "<group>"; };
		FE7B8E842314BF48007EE058 /* PlayerView.m */ = {isa = PBXFileReference; fileEncoding = 4; lastKnownFileType = sourcecode.c.objc; path = PlayerView.m; sourceTree = "<group>"; };
		FE7B8E852314BF48007EE058 /* PlayerController.h */ = {isa = PBXFileReference; fileEncoding = 4; lastKnownFileType = sourcecode.c.h; path = PlayerController.h; sourceTree = "<group>"; };
		FE7B8E862314BF48007EE058 /* PlayerView.h */ = {isa = PBXFileReference; fileEncoding = 4; lastKnownFileType = sourcecode.c.h; path = PlayerView.h; sourceTree = "<group>"; };
/* End PBXFileReference section */

/* Begin PBXFrameworksBuildPhase section */
		18006E9E1D8FACDB00CDA77D /* Frameworks */ = {
			isa = PBXFrameworksBuildPhase;
			buildActionMask = 2147483647;
			files = (
				18B74FBA1D9228770038BA79 /* libsqlite3.tbd in Frameworks */,
				18B74FB81D92285C0038BA79 /* libz.tbd in Frameworks */,
				18B74FB61D92284F0038BA79 /* CoreGraphics.framework in Frameworks */,
				18B74FB41D9228440038BA79 /* Foundation.framework in Frameworks */,
				18B74FB21D92283A0038BA79 /* UIKit.framework in Frameworks */,
				18B74FB01D9228300038BA79 /* CoreText.framework in Frameworks */,
				18B74FAE1D9228270038BA79 /* CoreTelephony.framework in Frameworks */,
				18B74FAC1D9228180038BA79 /* Security.framework in Frameworks */,
				18B74FAA1D92280D0038BA79 /* SystemConfiguration.framework in Frameworks */,
				18B74FA81D9228020038BA79 /* ImageIO.framework in Frameworks */,
				18B74FA61D9227EB0038BA79 /* QuartzCore.framework in Frameworks */,
				46A549DA17F69BA6D078C0AF /* libPods-ZProject.a in Frameworks */,
			);
			runOnlyForDeploymentPostprocessing = 0;
		};
		18006EB71D8FACDB00CDA77D /* Frameworks */ = {
			isa = PBXFrameworksBuildPhase;
			buildActionMask = 2147483647;
			files = (
			);
			runOnlyForDeploymentPostprocessing = 0;
		};
		18006EC21D8FACDB00CDA77D /* Frameworks */ = {
			isa = PBXFrameworksBuildPhase;
			buildActionMask = 2147483647;
			files = (
			);
			runOnlyForDeploymentPostprocessing = 0;
		};
/* End PBXFrameworksBuildPhase section */

/* Begin PBXGroup section */
		18006E981D8FACDB00CDA77D = {
			isa = PBXGroup;
			children = (
				18006EA31D8FACDB00CDA77D /* ZProject */,
				18006EBD1D8FACDB00CDA77D /* ZProjectTests */,
				18006EC81D8FACDB00CDA77D /* ZProjectUITests */,
				18006EA21D8FACDB00CDA77D /* Products */,
				673B41736F8ED3BAC18BCB45 /* Pods */,
				37A46F444FDE5D4A3A06F24F /* Frameworks */,
			);
			sourceTree = "<group>";
		};
		18006EA21D8FACDB00CDA77D /* Products */ = {
			isa = PBXGroup;
			children = (
				18006EA11D8FACDB00CDA77D /* ZProject.app */,
				18006EBA1D8FACDB00CDA77D /* ZProjectTests.xctest */,
				18006EC51D8FACDB00CDA77D /* ZProjectUITests.xctest */,
			);
			name = Products;
			sourceTree = "<group>";
		};
		18006EA31D8FACDB00CDA77D /* ZProject */ = {
			isa = PBXGroup;
			children = (
				18006EDE1D8FC58B00CDA77D /* Main(主要) */,
				18006ED71D8FC58B00CDA77D /* Expand(扩展) */,
				18006EEE1D8FC58B00CDA77D /* Model(模型) */,
				18006EF11D8FC58B00CDA77D /* Network(网络) */,
				18006EF61D8FC58B00CDA77D /* Resource(资源) */,
				18006EFC1D8FC58B00CDA77D /* SDKFile(集成) */,
				18006EA41D8FACDB00CDA77D /* Supporting Files */,
			);
			path = ZProject;
			sourceTree = "<group>";
		};
		18006EA41D8FACDB00CDA77D /* Supporting Files */ = {
			isa = PBXGroup;
			children = (
			);
			name = "Supporting Files";
			sourceTree = "<group>";
		};
		18006EBD1D8FACDB00CDA77D /* ZProjectTests */ = {
			isa = PBXGroup;
			children = (
				18006EBE1D8FACDB00CDA77D /* ZProjectTests.m */,
				18006EC01D8FACDB00CDA77D /* Info.plist */,
			);
			path = ZProjectTests;
			sourceTree = "<group>";
		};
		18006EC81D8FACDB00CDA77D /* ZProjectUITests */ = {
			isa = PBXGroup;
			children = (
				18006EC91D8FACDB00CDA77D /* ZProjectUITests.m */,
				18006ECB1D8FACDB00CDA77D /* Info.plist */,
			);
			path = ZProjectUITests;
			sourceTree = "<group>";
		};
		18006ED71D8FC58B00CDA77D /* Expand(扩展) */ = {
			isa = PBXGroup;
			children = (
				18B74FC21D9235DA0038BA79 /* Block(重用块) */,
				18006ED81D8FC58B00CDA77D /* Category(分类) */,
				18006ED91D8FC58B00CDA77D /* Const(常量) */,
				18006EDA1D8FC58B00CDA77D /* Controls(自定义控件) */,
				18006EDB1D8FC58B00CDA77D /* DataBase(数据库) */,
				18006EDC1D8FC58B00CDA77D /* Macros(宏) */,
				18006EDD1D8FC58B00CDA77D /* Tool(工具) */,
			);
			name = "Expand(扩展)";
			path = Expand;
			sourceTree = "<group>";
		};
		18006ED81D8FC58B00CDA77D /* Category(分类) */ = {
			isa = PBXGroup;
			children = (
				391FD07922E1747B00921C1D /* CategoryHeader.h */,
				391FD0B922E1747B00921C1D /* CACategory */,
				391FD07A22E1747B00921C1D /* UICategory */,
				18B74FD51D93DE650038BA79 /* NSCategory */,
			);
			name = "Category(分类)";
			path = Category;
			sourceTree = "<group>";
		};
		18006ED91D8FC58B00CDA77D /* Const(常量) */ = {
			isa = PBXGroup;
			children = (
				18B74FBD1D9229B80038BA79 /* Constants.h */,
				18B74FBE1D9229E10038BA79 /* NotificationConstants.h */,
				18B74FC41D9256A00038BA79 /* EnumConstants.h */,
			);
			name = "Const(常量)";
			path = Const;
			sourceTree = "<group>";
		};
		18006EDA1D8FC58B00CDA77D /* Controls(自定义控件) */ = {
			isa = PBXGroup;
			children = (
				180072161D8FC9CE00CDA77D /* PlaceHolder */,
			);
			name = "Controls(自定义控件)";
			path = Controls;
			sourceTree = "<group>";
		};
		18006EDB1D8FC58B00CDA77D /* DataBase(数据库) */ = {
			isa = PBXGroup;
			children = (
				391FD07722E1742C00921C1D /* CacheDataSource.h */,
				391FD07622E1742C00921C1D /* CacheDataSource.m */,
			);
			name = "DataBase(数据库)";
			path = DataBase;
			sourceTree = "<group>";
		};
		18006EDC1D8FC58B00CDA77D /* Macros(宏) */ = {
			isa = PBXGroup;
			children = (
				18B74FBB1D9229330038BA79 /* Macros.h */,
				391FD05722E1722200921C1D /* Macro+Port.h */,
				391FD0D722E1756500921C1D /* Macro+Singleton.h */,
			);
			name = "Macros(宏)";
			path = Macros;
			sourceTree = "<group>";
		};
		18006EDD1D8FC58B00CDA77D /* Tool(工具) */ = {
			isa = PBXGroup;
			children = (
				FE7B8E652314BF47007EE058 /* AlertController */,
				FE7B8E682314BF47007EE058 /* HMSegmentedControl */,
				FE7B8E822314BF48007EE058 /* PlayerController */,
				FE7B8E6B2314BF47007EE058 /* YNPageViewController */,
				391FD0EC22E548AF00921C1D /* BackButton */,
				391FD0EF22E548AF00921C1D /* TakePicture */,
				391FD0E222E5487800921C1D /* DBManager */,
				391FD0DC22E5487800921C1D /* Location */,
				391FD0DF22E5487800921C1D /* Log */,
				391FD0E522E5487800921C1D /* PickView */,
				391FD0D822E5481B00921C1D /* ZAppStore */,
			);
			name = "Tool(工具)";
			path = Tool;
			sourceTree = "<group>";
		};
		18006EDE1D8FC58B00CDA77D /* Main(主要) */ = {
			isa = PBXGroup;
			children = (
				18006EDF1D8FC58B00CDA77D /* AppDelegate */,
				18006EE21D8FC58B00CDA77D /* Global(全局) */,
				18006EE61D8FC58B00CDA77D /* ViewController(界面控制器) */,
			);
			name = "Main(主要)";
			path = Main;
			sourceTree = "<group>";
		};
		18006EDF1D8FC58B00CDA77D /* AppDelegate */ = {
			isa = PBXGroup;
			children = (
				18006EE01D8FC58B00CDA77D /* AppDelegate.h */,
				18006EE11D8FC58B00CDA77D /* AppDelegate.m */,
			);
			path = AppDelegate;
			sourceTree = "<group>";
		};
		18006EE21D8FC58B00CDA77D /* Global(全局) */ = {
			isa = PBXGroup;
			children = (
				18006EE31D8FC58B00CDA77D /* LaunchScreen.storyboard */,
				18006EE41D8FC58B00CDA77D /* main.m */,
				18006EE51D8FC58B00CDA77D /* Main.storyboard */,
				18F6CC291D912E3B0093262B /* PrefixHeader.pch */,
			);
			name = "Global(全局)";
			path = Global;
			sourceTree = "<group>";
		};
		18006EE61D8FC58B00CDA77D /* ViewController(界面控制器) */ = {
			isa = PBXGroup;
			children = (
				18006EE71D8FC58B00CDA77D /* Base(基类) */,
				18006EEB1D8FC58B00CDA77D /* Public(公共) */,
			);
			name = "ViewController(界面控制器)";
			path = ViewController;
			sourceTree = "<group>";
		};
		18006EE71D8FC58B00CDA77D /* Base(基类) */ = {
			isa = PBXGroup;
			children = (
				18006EE81D8FC58B00CDA77D /* BaseViewController.h */,
				18006EE91D8FC58B00CDA77D /* BaseViewController.m */,
				391FD0FA22E549B100921C1D /* BaseView.h */,
				391FD0FB22E549B100921C1D /* BaseView.m */,
				391FD0FD22E549F500921C1D /* BaseNavigationView.h */,
				391FD0FE22E549F500921C1D /* BaseNavigationView.m */,
				391FD10022E54A6B00921C1D /* BaseNavigationController.h */,
				391FD10122E54A6B00921C1D /* BaseNavigationController.m */,
				FE7B8E622313DE0C007EE058 /* BaseTabBarViewController.h */,
				FE7B8E632313DE0C007EE058 /* BaseTabBarViewController.m */,
			);
			name = "Base(基类)";
			path = Base;
			sourceTree = "<group>";
		};
		18006EEB1D8FC58B00CDA77D /* Public(公共) */ = {
			isa = PBXGroup;
			children = (
				18006EEC1D8FC58B00CDA77D /* Home */,
				18006EED1D8FC58B00CDA77D /* Login */,
			);
			name = "Public(公共)";
			path = Public;
			sourceTree = "<group>";
		};
		18006EEC1D8FC58B00CDA77D /* Home */ = {
			isa = PBXGroup;
			children = (
				18F6CC1E1D912D3B0093262B /* HomeViewController.h */,
				18F6CC1F1D912D3B0093262B /* HomeViewController.m */,
				18F6CC211D912D680093262B /* HomeTableViewCell.h */,
				18F6CC221D912D680093262B /* HomeTableViewCell.m */,
				18F6CC231D912D680093262B /* HomeTableViewCell.xib */,
				18F6CC261D912DAE0093262B /* DetailViewController.h */,
				18F6CC271D912DAE0093262B /* DetailViewController.m */,
			);
			path = Home;
			sourceTree = "<group>";
		};
		18006EED1D8FC58B00CDA77D /* Login */ = {
			isa = PBXGroup;
			children = (
				180072101D8FC9AA00CDA77D /* PlaceHolder */,
			);
			path = Login;
			sourceTree = "<group>";
		};
		18006EEE1D8FC58B00CDA77D /* Model(模型) */ = {
			isa = PBXGroup;
			children = (
				18006EEF1D8FC58B00CDA77D /* BaseModel(基类) */,
				18006EF01D8FC58B00CDA77D /* PublicModel(公共) */,
			);
			name = "Model(模型)";
			path = Model;
			sourceTree = "<group>";
		};
		18006EEF1D8FC58B00CDA77D /* BaseModel(基类) */ = {
			isa = PBXGroup;
			children = (
				18B74FCE1D939BC70038BA79 /* BaseModel.h */,
				18B74FCF1D939BC70038BA79 /* BaseModel.m */,
				18B74FD41D939C450038BA79 /* Models.h */,
			);
			name = "BaseModel(基类)";
			path = BaseModel;
			sourceTree = "<group>";
		};
		18006EF01D8FC58B00CDA77D /* PublicModel(公共) */ = {
			isa = PBXGroup;
			children = (
				391FD05422E16F8D00921C1D /* ZErrorModel.h */,
				391FD05522E16F8D00921C1D /* ZErrorModel.m */,
			);
			name = "PublicModel(公共)";
			path = PublicModel;
			sourceTree = "<group>";
		};
		18006EF11D8FC58B00CDA77D /* Network(网络) */ = {
			isa = PBXGroup;
			children = (
				18006EF31D8FC58B00CDA77D /* BaseRequest(基类) */,
				18006EF41D8FC58B00CDA77D /* PublicRequest(公共) */,
			);
			name = "Network(网络)";
			path = Network;
			sourceTree = "<group>";
		};
		18006EF31D8FC58B00CDA77D /* BaseRequest(基类) */ = {
			isa = PBXGroup;
			children = (
				18B74FCB1D928BEE0038BA79 /* ZNetworkRequest.h */,
				18B74FCC1D928BEE0038BA79 /* ZNetworkRequest.m */,
				18B74FBF1D9235560038BA79 /* BaseNetRequest.h */,
				18B74FC01D9235560038BA79 /* BaseNetRequest.m */,
			);
			name = "BaseRequest(基类)";
			path = BaseRequest;
			sourceTree = "<group>";
		};
		18006EF41D8FC58B00CDA77D /* PublicRequest(公共) */ = {
			isa = PBXGroup;
			children = (
				18B74FC81D9289640038BA79 /* WeiboRequest.h */,
				18B74FC91D9289640038BA79 /* WeiboRequest.m */,
			);
			name = "PublicRequest(公共)";
			path = PublicRequest;
			sourceTree = "<group>";
		};
		18006EF61D8FC58B00CDA77D /* Resource(资源) */ = {
			isa = PBXGroup;
			children = (
				18006EF71D8FC58B00CDA77D /* Image */,
				18006EF91D8FC58B00CDA77D /* JsHtmlCss */,
				18006EFA1D8FC58B00CDA77D /* Plist */,
			);
			name = "Resource(资源)";
			path = Resource;
			sourceTree = "<group>";
		};
		18006EF71D8FC58B00CDA77D /* Image */ = {
			isa = PBXGroup;
			children = (
				18006EF81D8FC58B00CDA77D /* Assets.xcassets */,
			);
			path = Image;
			sourceTree = "<group>";
		};
		18006EF91D8FC58B00CDA77D /* JsHtmlCss */ = {
			isa = PBXGroup;
			children = (
				180072281D8FCA0700CDA77D /* PlaceHolder */,
			);
			path = JsHtmlCss;
			sourceTree = "<group>";
		};
		18006EFA1D8FC58B00CDA77D /* Plist */ = {
			isa = PBXGroup;
			children = (
				18006EFB1D8FC58B00CDA77D /* Info.plist */,
			);
			path = Plist;
			sourceTree = "<group>";
		};
		18006EFC1D8FC58B00CDA77D /* SDKFile(集成) */ = {
			isa = PBXGroup;
			children = (
				1800722C1D8FCA1400CDA77D /* PlaceHolder */,
			);
			name = "SDKFile(集成)";
			path = SDKFile;
			sourceTree = "<group>";
		};
		18B74FC21D9235DA0038BA79 /* Block(重用块) */ = {
			isa = PBXGroup;
			children = (
				18B74FC31D9236180038BA79 /* Block.h */,
			);
			name = "Block(重用块)";
			path = Block;
			sourceTree = "<group>";
		};
		18B74FD51D93DE650038BA79 /* NSCategory */ = {
			isa = PBXGroup;
			children = (
				391FD05822E173D400921C1D /* NSData */,
				391FD05B22E173D500921C1D /* NSObject */,
				391FD06622E173D500921C1D /* NSString */,
			);
			path = NSCategory;
			sourceTree = "<group>";
		};
		37A46F444FDE5D4A3A06F24F /* Frameworks */ = {
			isa = PBXGroup;
			children = (
				18B74FB91D9228770038BA79 /* libsqlite3.tbd */,
				18B74FB71D92285C0038BA79 /* libz.tbd */,
				18B74FB51D92284F0038BA79 /* CoreGraphics.framework */,
				18B74FB31D9228440038BA79 /* Foundation.framework */,
				18B74FB11D92283A0038BA79 /* UIKit.framework */,
				18B74FAF1D9228300038BA79 /* CoreText.framework */,
				18B74FAD1D9228270038BA79 /* CoreTelephony.framework */,
				18B74FAB1D9228180038BA79 /* Security.framework */,
				18B74FA91D92280D0038BA79 /* SystemConfiguration.framework */,
				18B74FA71D9228020038BA79 /* ImageIO.framework */,
				18B74FA51D9227EB0038BA79 /* QuartzCore.framework */,
				71036C5BFB8557166433CC34 /* libPods-ZProject.a */,
			);
			name = Frameworks;
			sourceTree = "<group>";
		};
		391FD05822E173D400921C1D /* NSData */ = {
			isa = PBXGroup;
			children = (
				391FD05922E173D400921C1D /* NSData+AES.h */,
				391FD05A22E173D400921C1D /* NSData+AES.m */,
			);
			path = NSData;
			sourceTree = "<group>";
		};
		391FD05B22E173D500921C1D /* NSObject */ = {
			isa = PBXGroup;
			children = (
				391FD05C22E173D500921C1D /* IPhoneVersion.h */,
				391FD05D22E173D500921C1D /* MultiLanguageUtil.m */,
				391FD05E22E173D500921C1D /* NSObject+Category.h */,
				391FD05F22E173D500921C1D /* NSObject+Notification.m */,
				391FD06022E173D500921C1D /* NSBundle+Language.m */,
				391FD06122E173D500921C1D /* NSObject+Category.m */,
				391FD06222E173D500921C1D /* MultiLanguageUtil.h */,
				391FD06322E173D500921C1D /* IPhoneVersion.m */,
				391FD06422E173D500921C1D /* NSBundle+Language.h */,
				391FD06522E173D500921C1D /* NSObject+Notification.h */,
			);
			path = NSObject;
			sourceTree = "<group>";
		};
		391FD06622E173D500921C1D /* NSString */ = {
			isa = PBXGroup;
			children = (
				391FD06722E173D500921C1D /* NSString+Category.h */,
				391FD06B22E173D500921C1D /* NSString+Category.m */,
				391FD06922E173D500921C1D /* NSString+ChineseCharactersToSpelling.h */,
				391FD06C22E173D500921C1D /* NSString+ChineseCharactersToSpelling.m */,
				391FD06822E173D500921C1D /* spelling.h */,
				391FD06A22E173D500921C1D /* spelling.m */,
			);
			path = NSString;
			sourceTree = "<group>";
		};
		391FD07A22E1747B00921C1D /* UICategory */ = {
			isa = PBXGroup;
			children = (
				391FD07B22E1747B00921C1D /* UILabel */,
				391FD07E22E1747B00921C1D /* UIButton */,
				391FD08122E1747B00921C1D /* UIColor */,
				391FD08622E1747B00921C1D /* UIView */,
				391FD09A22E1747B00921C1D /* UIImageView */,
				391FD0A322E1747B00921C1D /* UIViewController */,
				391FD0AE22E1747B00921C1D /* UINavigationController */,
				391FD0B122E1747B00921C1D /* UITableView */,
				391FD0B422E1747B00921C1D /* UITextField */,
			);
			path = UICategory;
			sourceTree = "<group>";
		};
		391FD07B22E1747B00921C1D /* UILabel */ = {
			isa = PBXGroup;
			children = (
				391FD07C22E1747B00921C1D /* UILabel+Category.m */,
				391FD07D22E1747B00921C1D /* UILabel+Category.h */,
			);
			path = UILabel;
			sourceTree = "<group>";
		};
		391FD07E22E1747B00921C1D /* UIButton */ = {
			isa = PBXGroup;
			children = (
				391FD07F22E1747B00921C1D /* UIButton+EnlargeTouch.h */,
				391FD08022E1747B00921C1D /* UIButton+EnlargeTouch.m */,
			);
			path = UIButton;
			sourceTree = "<group>";
		};
		391FD08122E1747B00921C1D /* UIColor */ = {
			isa = PBXGroup;
			children = (
				391FD08222E1747B00921C1D /* UIColor+Extension.h */,
				391FD08322E1747B00921C1D /* UIColor+PXColors.m */,
				391FD08422E1747B00921C1D /* UIColor+Extension.m */,
				391FD08522E1747B00921C1D /* UIColor+PXColors.h */,
			);
			path = UIColor;
			sourceTree = "<group>";
		};
		391FD08622E1747B00921C1D /* UIView */ = {
			isa = PBXGroup;
			children = (
				391FD08722E1747B00921C1D /* UIView+Nib.m */,
				391FD08822E1747B00921C1D /* UIView+Data.h */,
				391FD08922E1747B00921C1D /* UIView+MBProgressHUD.h */,
				391FD08A22E1747B00921C1D /* UIView+FrameHelper.m */,
				391FD08B22E1747B00921C1D /* UIView+CornerCategory.h */,
				391FD08C22E1747B00921C1D /* UIView+DashedLine.h */,
				391FD08D22E1747B00921C1D /* UIView+Color.m */,
				391FD08E22E1747B00921C1D /* UIView+Nib.h */,
				391FD08F22E1747B00921C1D /* UIView+FrameHelper.h */,
				391FD09022E1747B00921C1D /* UIView+MBProgressHUD.m */,
				391FD09122E1747B00921C1D /* UIView+Data.m */,
				391FD09222E1747B00921C1D /* UIView+Color.h */,
				391FD09322E1747B00921C1D /* UIView+DashedLine.m */,
				391FD09422E1747B00921C1D /* UIView+CornerCategory.m */,
			);
			path = UIView;
			sourceTree = "<group>";
		};
		391FD09A22E1747B00921C1D /* UIImageView */ = {
			isa = PBXGroup;
			children = (
				391FD09B22E1747B00921C1D /* UIImageView+DashedLine.m */,
				391FD09C22E1747B00921C1D /* UIImageView+SDWebImage.m */,
				391FD09D22E1747B00921C1D /* UIImage+ColorImage.m */,
				391FD09E22E1747B00921C1D /* UIImage+fixOrientation.h */,
				391FD09F22E1747B00921C1D /* UIImageView+DashedLine.h */,
				391FD0A022E1747B00921C1D /* UIImageView+SDWebImage.h */,
				391FD0A122E1747B00921C1D /* UIImage+ColorImage.h */,
				391FD0A222E1747B00921C1D /* UIImage+fixOrientation.m */,
			);
			path = UIImageView;
			sourceTree = "<group>";
		};
		391FD0A322E1747B00921C1D /* UIViewController */ = {
			isa = PBXGroup;
			children = (
				391FD0A422E1747B00921C1D /* UIViewController+Nib.h */,
				391FD0A522E1747B00921C1D /* UIViewController+Data.m */,
				391FD0A622E1747B00921C1D /* UIViewController+Camera.h */,
				391FD0A722E1747B00921C1D /* UIViewController+Category.h */,
				391FD0A822E1747B00921C1D /* UIViewController+storyBoard.m */,
				391FD0A922E1747B00921C1D /* UIViewController+Category.m */,
				391FD0AA22E1747B00921C1D /* UIViewController+Camera.m */,
				391FD0AB22E1747B00921C1D /* UIViewController+Data.h */,
				391FD0AC22E1747B00921C1D /* UIViewController+Nib.m */,
				391FD0AD22E1747B00921C1D /* UIViewController+storyBoard.h */,
			);
			path = UIViewController;
			sourceTree = "<group>";
		};
		391FD0AE22E1747B00921C1D /* UINavigationController */ = {
			isa = PBXGroup;
			children = (
				391FD0AF22E1747B00921C1D /* UINavigationController+StatusBar.h */,
				391FD0B022E1747B00921C1D /* UINavigationController+StatusBar.m */,
			);
			path = UINavigationController;
			sourceTree = "<group>";
		};
		391FD0B122E1747B00921C1D /* UITableView */ = {
			isa = PBXGroup;
			children = (
				391FD0B222E1747B00921C1D /* UITableViewCell+SeparatorInset.m */,
				391FD0B322E1747B00921C1D /* UITableViewCell+SeparatorInset.h */,
			);
			path = UITableView;
			sourceTree = "<group>";
		};
		391FD0B422E1747B00921C1D /* UITextField */ = {
			isa = PBXGroup;
			children = (
				391FD0B522E1747B00921C1D /* ZSearchBarTextField.h */,
				391FD0B622E1747B00921C1D /* ZTextField.m */,
				391FD0B722E1747B00921C1D /* ZSearchBarTextField.m */,
				391FD0B822E1747B00921C1D /* ZTextField.h */,
			);
			path = UITextField;
			sourceTree = "<group>";
		};
		391FD0B922E1747B00921C1D /* CACategory */ = {
			isa = PBXGroup;
			children = (
				391FD0BA22E1747B00921C1D /* CALayer+Transition.m */,
				391FD0BB22E1747B00921C1D /* CALayer+Transition.h */,
			);
			path = CACategory;
			sourceTree = "<group>";
		};
		391FD0D822E5481B00921C1D /* ZAppStore */ = {
			isa = PBXGroup;
			children = (
				391FD0D922E5482D00921C1D /* ZAppStore.h */,
				391FD0DA22E5482D00921C1D /* ZAppStore.m */,
			);
			path = ZAppStore;
			sourceTree = "<group>";
		};
		391FD0DC22E5487800921C1D /* Location */ = {
			isa = PBXGroup;
			children = (
				391FD0DD22E5487800921C1D /* LocationManager.m */,
				391FD0DE22E5487800921C1D /* LocationManager.h */,
			);
			path = Location;
			sourceTree = "<group>";
		};
		391FD0DF22E5487800921C1D /* Log */ = {
			isa = PBXGroup;
			children = (
				391FD0E022E5487800921C1D /* PrintBeautifulLog.h */,
				391FD0E122E5487800921C1D /* PrintBeautifulLog.m */,
			);
			path = Log;
			sourceTree = "<group>";
		};
		391FD0E222E5487800921C1D /* DBManager */ = {
			isa = PBXGroup;
			children = (
				391FD0E322E5487800921C1D /* DBManager.h */,
				391FD0E422E5487800921C1D /* DBManager.m */,
			);
			path = DBManager;
			sourceTree = "<group>";
		};
		391FD0E522E5487800921C1D /* PickView */ = {
			isa = PBXGroup;
			children = (
				391FD0E622E5487800921C1D /* PickView.m */,
				391FD0E722E5487800921C1D /* PickView.h */,
			);
			path = PickView;
			sourceTree = "<group>";
		};
		391FD0EC22E548AF00921C1D /* BackButton */ = {
			isa = PBXGroup;
			children = (
				391FD0ED22E548AF00921C1D /* BackButton.h */,
				391FD0EE22E548AF00921C1D /* BackButton.m */,
			);
			path = BackButton;
			sourceTree = "<group>";
		};
		391FD0EF22E548AF00921C1D /* TakePicture */ = {
			isa = PBXGroup;
			children = (
				391FD0F022E548AF00921C1D /* TakePictureTool.m */,
				391FD0F122E548AF00921C1D /* PhotoViewController.h */,
				391FD0F222E548AF00921C1D /* PhotoTransitions.m */,
				391FD0F322E548AF00921C1D /* PhotoViewController.m */,
				391FD0F422E548AF00921C1D /* TakePictureTool.h */,
				391FD0F522E548AF00921C1D /* PhotoTransitions.h */,
			);
			path = TakePicture;
			sourceTree = "<group>";
		};
		673B41736F8ED3BAC18BCB45 /* Pods */ = {
			isa = PBXGroup;
			children = (
				E6B113B616F1BE689840D703 /* Pods-ZProject.debug.xcconfig */,
				439F13460B6F7635E7F3AB62 /* Pods-ZProject.release.xcconfig */,
			);
			name = Pods;
			sourceTree = "<group>";
		};
		FE7B8E652314BF47007EE058 /* AlertController */ = {
			isa = PBXGroup;
			children = (
				FE7B8E662314BF47007EE058 /* AlertController.h */,
				FE7B8E672314BF47007EE058 /* AlertController.m */,
			);
			path = AlertController;
			sourceTree = "<group>";
		};
		FE7B8E682314BF47007EE058 /* HMSegmentedControl */ = {
			isa = PBXGroup;
			children = (
				FE7B8E692314BF47007EE058 /* HMSegmentedControl.h */,
				FE7B8E6A2314BF47007EE058 /* HMSegmentedControl.m */,
			);
			path = HMSegmentedControl;
			sourceTree = "<group>";
		};
		FE7B8E6B2314BF47007EE058 /* YNPageViewController */ = {
			isa = PBXGroup;
			children = (
				FE7B8E6C2314BF47007EE058 /* Category */,
				FE7B8E732314BF48007EE058 /* YNPageViewController.m */,
				FE7B8E742314BF48007EE058 /* YNPageConfigration.m */,
				FE7B8E752314BF48007EE058 /* View */,
				FE7B8E802314BF48007EE058 /* YNPageConfigration.h */,
				FE7B8E812314BF48007EE058 /* YNPageViewController.h */,
			);
			path = YNPageViewController;
			sourceTree = "<group>";
		};
		FE7B8E6C2314BF47007EE058 /* Category */ = {
			isa = PBXGroup;
			children = (
				FE7B8E6D2314BF47007EE058 /* UIViewController+YNPageExtend.m */,
				FE7B8E6E2314BF47007EE058 /* UIView+YNPageExtend.m */,
				FE7B8E6F2314BF47007EE058 /* UIScrollView+YNPageExtend.h */,
				FE7B8E702314BF48007EE058 /* UIView+YNPageExtend.h */,
				FE7B8E712314BF48007EE058 /* UIViewController+YNPageExtend.h */,
				FE7B8E722314BF48007EE058 /* UIScrollView+YNPageExtend.m */,
			);
			path = Category;
			sourceTree = "<group>";
		};
		FE7B8E752314BF48007EE058 /* View */ = {
			isa = PBXGroup;
			children = (
				FE7B8E762314BF48007EE058 /* YNPageHeaderScrollView.h */,
				FE7B8E772314BF48007EE058 /* YNPageTableView.m */,
				FE7B8E782314BF48007EE058 /* YNPageCollectionView.h */,
				FE7B8E792314BF48007EE058 /* YNPageScrollMenuView.h */,
				FE7B8E7A2314BF48007EE058 /* YNPageScrollView.m */,
				FE7B8E7B2314BF48007EE058 /* YNPageHeaderScrollView.m */,
				FE7B8E7C2314BF48007EE058 /* YNPageCollectionView.m */,
				FE7B8E7D2314BF48007EE058 /* YNPageTableView.h */,
				FE7B8E7E2314BF48007EE058 /* YNPageScrollMenuView.m */,
				FE7B8E7F2314BF48007EE058 /* YNPageScrollView.h */,
			);
			path = View;
			sourceTree = "<group>";
		};
		FE7B8E822314BF48007EE058 /* PlayerController */ = {
			isa = PBXGroup;
			children = (
				FE7B8E832314BF48007EE058 /* PlayerController.m */,
				FE7B8E842314BF48007EE058 /* PlayerView.m */,
				FE7B8E852314BF48007EE058 /* PlayerController.h */,
				FE7B8E862314BF48007EE058 /* PlayerView.h */,
			);
			path = PlayerController;
			sourceTree = "<group>";
		};
/* End PBXGroup section */

/* Begin PBXNativeTarget section */
		18006EA01D8FACDB00CDA77D /* ZProject */ = {
			isa = PBXNativeTarget;
			buildConfigurationList = 18006ECE1D8FACDB00CDA77D /* Build configuration list for PBXNativeTarget "ZProject" */;
			buildPhases = (
				BBE0B8B95727866ACD792180 /* [CP] Check Pods Manifest.lock */,
				18006E9D1D8FACDB00CDA77D /* Sources */,
				18006E9E1D8FACDB00CDA77D /* Frameworks */,
				18006E9F1D8FACDB00CDA77D /* Resources */,
				E23F58F3BDAD1DEBF28422F1 /* [CP] Embed Pods Frameworks */,
				0B2309F3173FBB58CDF06B45 /* [CP] Copy Pods Resources */,
			);
			buildRules = (
			);
			dependencies = (
			);
			name = ZProject;
			productName = ZProject;
			productReference = 18006EA11D8FACDB00CDA77D /* ZProject.app */;
			productType = "com.apple.product-type.application";
		};
		18006EB91D8FACDB00CDA77D /* ZProjectTests */ = {
			isa = PBXNativeTarget;
			buildConfigurationList = 18006ED11D8FACDB00CDA77D /* Build configuration list for PBXNativeTarget "ZProjectTests" */;
			buildPhases = (
				18006EB61D8FACDB00CDA77D /* Sources */,
				18006EB71D8FACDB00CDA77D /* Frameworks */,
				18006EB81D8FACDB00CDA77D /* Resources */,
			);
			buildRules = (
			);
			dependencies = (
				18006EBC1D8FACDB00CDA77D /* PBXTargetDependency */,
			);
			name = ZProjectTests;
			productName = ZProjectTests;
			productReference = 18006EBA1D8FACDB00CDA77D /* ZProjectTests.xctest */;
			productType = "com.apple.product-type.bundle.unit-test";
		};
		18006EC41D8FACDB00CDA77D /* ZProjectUITests */ = {
			isa = PBXNativeTarget;
			buildConfigurationList = 18006ED41D8FACDB00CDA77D /* Build configuration list for PBXNativeTarget "ZProjectUITests" */;
			buildPhases = (
				18006EC11D8FACDB00CDA77D /* Sources */,
				18006EC21D8FACDB00CDA77D /* Frameworks */,
				18006EC31D8FACDB00CDA77D /* Resources */,
			);
			buildRules = (
			);
			dependencies = (
				18006EC71D8FACDB00CDA77D /* PBXTargetDependency */,
			);
			name = ZProjectUITests;
			productName = ZProjectUITests;
			productReference = 18006EC51D8FACDB00CDA77D /* ZProjectUITests.xctest */;
			productType = "com.apple.product-type.bundle.ui-testing";
		};
/* End PBXNativeTarget section */

/* Begin PBXProject section */
		18006E991D8FACDB00CDA77D /* Project object */ = {
			isa = PBXProject;
			attributes = {
				LastUpgradeCheck = 0730;
				ORGANIZATIONNAME = Z;
				TargetAttributes = {
					18006EA01D8FACDB00CDA77D = {
						CreatedOnToolsVersion = 7.3.1;
						DevelopmentTeam = CL2P256765;
					};
					18006EB91D8FACDB00CDA77D = {
						CreatedOnToolsVersion = 7.3.1;
						DevelopmentTeam = CL2P256765;
						TestTargetID = 18006EA01D8FACDB00CDA77D;
					};
					18006EC41D8FACDB00CDA77D = {
						CreatedOnToolsVersion = 7.3.1;
						DevelopmentTeam = CL2P256765;
						TestTargetID = 18006EA01D8FACDB00CDA77D;
					};
				};
			};
			buildConfigurationList = 18006E9C1D8FACDB00CDA77D /* Build configuration list for PBXProject "ZProject" */;
			compatibilityVersion = "Xcode 3.2";
			developmentRegion = English;
			hasScannedForEncodings = 0;
			knownRegions = (
				English,
				en,
				Base,
			);
			mainGroup = 18006E981D8FACDB00CDA77D;
			productRefGroup = 18006EA21D8FACDB00CDA77D /* Products */;
			projectDirPath = "";
			projectRoot = "";
			targets = (
				18006EA01D8FACDB00CDA77D /* ZProject */,
				18006EB91D8FACDB00CDA77D /* ZProjectTests */,
				18006EC41D8FACDB00CDA77D /* ZProjectUITests */,
			);
		};
/* End PBXProject section */

/* Begin PBXResourcesBuildPhase section */
		18006E9F1D8FACDB00CDA77D /* Resources */ = {
			isa = PBXResourcesBuildPhase;
			buildActionMask = 2147483647;
			files = (
				18F6CC251D912D680093262B /* HomeTableViewCell.xib in Resources */,
				18006F041D8FC58B00CDA77D /* Info.plist in Resources */,
				18006EFF1D8FC58B00CDA77D /* LaunchScreen.storyboard in Resources */,
				18006F031D8FC58B00CDA77D /* Assets.xcassets in Resources */,
				18006F011D8FC58B00CDA77D /* Main.storyboard in Resources */,
			);
			runOnlyForDeploymentPostprocessing = 0;
		};
		18006EB81D8FACDB00CDA77D /* Resources */ = {
			isa = PBXResourcesBuildPhase;
			buildActionMask = 2147483647;
			files = (
			);
			runOnlyForDeploymentPostprocessing = 0;
		};
		18006EC31D8FACDB00CDA77D /* Resources */ = {
			isa = PBXResourcesBuildPhase;
			buildActionMask = 2147483647;
			files = (
			);
			runOnlyForDeploymentPostprocessing = 0;
		};
/* End PBXResourcesBuildPhase section */

/* Begin PBXShellScriptBuildPhase section */
		0B2309F3173FBB58CDF06B45 /* [CP] Copy Pods Resources */ = {
			isa = PBXShellScriptBuildPhase;
			buildActionMask = 2147483647;
			files = (
			);
			inputPaths = (
			);
			name = "[CP] Copy Pods Resources";
			outputPaths = (
			);
			runOnlyForDeploymentPostprocessing = 0;
			shellPath = /bin/sh;
			shellScript = "\"${SRCROOT}/Pods/Target Support Files/Pods-ZProject/Pods-ZProject-resources.sh\"\n";
			showEnvVarsInLog = 0;
		};
		BBE0B8B95727866ACD792180 /* [CP] Check Pods Manifest.lock */ = {
			isa = PBXShellScriptBuildPhase;
			buildActionMask = 2147483647;
			files = (
			);
			inputPaths = (
			);
			name = "[CP] Check Pods Manifest.lock";
			outputPaths = (
			);
			runOnlyForDeploymentPostprocessing = 0;
			shellPath = /bin/sh;
			shellScript = "diff \"${PODS_ROOT}/../Podfile.lock\" \"${PODS_ROOT}/Manifest.lock\" > /dev/null\nif [ $? != 0 ] ; then\n    # print error to STDERR\n    echo \"error: The sandbox is not in sync with the Podfile.lock. Run 'pod install' or update your CocoaPods installation.\" >&2\n    exit 1\nfi\n";
			showEnvVarsInLog = 0;
		};
		E23F58F3BDAD1DEBF28422F1 /* [CP] Embed Pods Frameworks */ = {
			isa = PBXShellScriptBuildPhase;
			buildActionMask = 2147483647;
			files = (
			);
			inputPaths = (
			);
			name = "[CP] Embed Pods Frameworks";
			outputPaths = (
			);
			runOnlyForDeploymentPostprocessing = 0;
			shellPath = /bin/sh;
			shellScript = "\"${SRCROOT}/Pods/Target Support Files/Pods-ZProject/Pods-ZProject-frameworks.sh\"\n";
			showEnvVarsInLog = 0;
		};
/* End PBXShellScriptBuildPhase section */

/* Begin PBXSourcesBuildPhase section */
		18006E9D1D8FACDB00CDA77D /* Sources */ = {
			isa = PBXSourcesBuildPhase;
			buildActionMask = 2147483647;
			files = (
				391FD0C422E1747B00921C1D /* UIView+Data.m in Sources */,
				391FD0CB22E1747B00921C1D /* UIImage+ColorImage.m in Sources */,
				FE7B8E8A2314BF48007EE058 /* UIView+YNPageExtend.m in Sources */,
				391FD0D322E1747B00921C1D /* UITableViewCell+SeparatorInset.m in Sources */,
				FE7B8E942314BF48007EE058 /* PlayerView.m in Sources */,
				391FD0D122E1747B00921C1D /* UIViewController+Nib.m in Sources */,
				391FD0D222E1747B00921C1D /* UINavigationController+StatusBar.m in Sources */,
				391FD0C122E1747B00921C1D /* UIView+FrameHelper.m in Sources */,
				391FD07522E173D500921C1D /* NSString+ChineseCharactersToSpelling.m in Sources */,
				391FD0EB22E5487800921C1D /* PickView.m in Sources */,
				391FD0C322E1747B00921C1D /* UIView+MBProgressHUD.m in Sources */,
				391FD0D422E1747B00921C1D /* ZTextField.m in Sources */,
				391FD07222E173D500921C1D /* IPhoneVersion.m in Sources */,
				391FD0BF22E1747B00921C1D /* UIColor+Extension.m in Sources */,
				391FD0FF22E549F500921C1D /* BaseNavigationView.m in Sources */,
				FE7B8E892314BF48007EE058 /* UIViewController+YNPageExtend.m in Sources */,
				391FD0E922E5487800921C1D /* PrintBeautifulLog.m in Sources */,
				391FD0C222E1747B00921C1D /* UIView+Color.m in Sources */,
				FE7B8E8D2314BF48007EE058 /* YNPageConfigration.m in Sources */,
				391FD0CD22E1747B00921C1D /* UIViewController+Data.m in Sources */,
				391FD07822E1742C00921C1D /* CacheDataSource.m in Sources */,
				391FD0C922E1747B00921C1D /* UIImageView+DashedLine.m in Sources */,
				18B74FCA1D9289640038BA79 /* WeiboRequest.m in Sources */,
				391FD0CC22E1747B00921C1D /* UIImage+fixOrientation.m in Sources */,
				18006F021D8FC58B00CDA77D /* BaseViewController.m in Sources */,
				391FD06D22E173D500921C1D /* NSData+AES.m in Sources */,
				FE7B8E902314BF48007EE058 /* YNPageHeaderScrollView.m in Sources */,
				18B74FC11D9235560038BA79 /* BaseNetRequest.m in Sources */,
				FE7B8E882314BF48007EE058 /* HMSegmentedControl.m in Sources */,
				391FD0CE22E1747B00921C1D /* UIViewController+storyBoard.m in Sources */,
				391FD0D622E1747B00921C1D /* CALayer+Transition.m in Sources */,
				18006F001D8FC58B00CDA77D /* main.m in Sources */,
				391FD0D022E1747B00921C1D /* UIViewController+Camera.m in Sources */,
				FE7B8E8B2314BF48007EE058 /* UIScrollView+YNPageExtend.m in Sources */,
				391FD05622E16F8D00921C1D /* ZErrorModel.m in Sources */,
				391FD06F22E173D500921C1D /* NSObject+Notification.m in Sources */,
				18B74FCD1D928BEE0038BA79 /* ZNetworkRequest.m in Sources */,
				18F6CC241D912D680093262B /* HomeTableViewCell.m in Sources */,
				391FD0BD22E1747B00921C1D /* UIButton+EnlargeTouch.m in Sources */,
				391FD0F622E548AF00921C1D /* BackButton.m in Sources */,
				391FD0D522E1747B00921C1D /* ZSearchBarTextField.m in Sources */,
				FE7B8E8E2314BF48007EE058 /* YNPageTableView.m in Sources */,
				391FD0C022E1747B00921C1D /* UIView+Nib.m in Sources */,
				18006EFE1D8FC58B00CDA77D /* AppDelegate.m in Sources */,
				391FD07422E173D500921C1D /* NSString+Category.m in Sources */,
				391FD0CF22E1747B00921C1D /* UIViewController+Category.m in Sources */,
				FE7B8E922314BF48007EE058 /* YNPageScrollMenuView.m in Sources */,
				391FD0F922E548AF00921C1D /* PhotoViewController.m in Sources */,
				FE7B8E8F2314BF48007EE058 /* YNPageScrollView.m in Sources */,
				FE7B8E932314BF48007EE058 /* PlayerController.m in Sources */,
				391FD0C522E1747B00921C1D /* UIView+DashedLine.m in Sources */,
				391FD0BE22E1747B00921C1D /* UIColor+PXColors.m in Sources */,
				391FD0CA22E1747B00921C1D /* UIImageView+SDWebImage.m in Sources */,
				391FD10222E54A6B00921C1D /* BaseNavigationController.m in Sources */,
				18F6CC201D912D3B0093262B /* HomeViewController.m in Sources */,
				391FD07022E173D500921C1D /* NSBundle+Language.m in Sources */,
				391FD06E22E173D500921C1D /* MultiLanguageUtil.m in Sources */,
				18B74FD01D939BC70038BA79 /* BaseModel.m in Sources */,
				391FD0FC22E549B100921C1D /* BaseView.m in Sources */,
				18F6CC281D912DAE0093262B /* DetailViewController.m in Sources */,
				391FD07122E173D500921C1D /* NSObject+Category.m in Sources */,
				FE7B8E912314BF48007EE058 /* YNPageCollectionView.m in Sources */,
				391FD0C622E1747B00921C1D /* UIView+CornerCategory.m in Sources */,
				391FD0E822E5487800921C1D /* LocationManager.m in Sources */,
				391FD0BC22E1747B00921C1D /* UILabel+Category.m in Sources */,
				391FD07322E173D500921C1D /* spelling.m in Sources */,
				391FD0DB22E5482D00921C1D /* ZAppStore.m in Sources */,
				391FD0F822E548AF00921C1D /* PhotoTransitions.m in Sources */,
				FE7B8E872314BF48007EE058 /* AlertController.m in Sources */,
				391FD0F722E548AF00921C1D /* TakePictureTool.m in Sources */,
				391FD0EA22E5487800921C1D /* DBManager.m in Sources */,
				FE7B8E642313DE0C007EE058 /* BaseTabBarViewController.m in Sources */,
				FE7B8E8C2314BF48007EE058 /* YNPageViewController.m in Sources */,
			);
			runOnlyForDeploymentPostprocessing = 0;
		};
		18006EB61D8FACDB00CDA77D /* Sources */ = {
			isa = PBXSourcesBuildPhase;
			buildActionMask = 2147483647;
			files = (
				18006EBF1D8FACDB00CDA77D /* ZProjectTests.m in Sources */,
			);
			runOnlyForDeploymentPostprocessing = 0;
		};
		18006EC11D8FACDB00CDA77D /* Sources */ = {
			isa = PBXSourcesBuildPhase;
			buildActionMask = 2147483647;
			files = (
				18006ECA1D8FACDB00CDA77D /* ZProjectUITests.m in Sources */,
			);
			runOnlyForDeploymentPostprocessing = 0;
		};
/* End PBXSourcesBuildPhase section */

/* Begin PBXTargetDependency section */
		18006EBC1D8FACDB00CDA77D /* PBXTargetDependency */ = {
			isa = PBXTargetDependency;
			target = 18006EA01D8FACDB00CDA77D /* ZProject */;
			targetProxy = 18006EBB1D8FACDB00CDA77D /* PBXContainerItemProxy */;
		};
		18006EC71D8FACDB00CDA77D /* PBXTargetDependency */ = {
			isa = PBXTargetDependency;
			target = 18006EA01D8FACDB00CDA77D /* ZProject */;
			targetProxy = 18006EC61D8FACDB00CDA77D /* PBXContainerItemProxy */;
		};
/* End PBXTargetDependency section */

/* Begin XCBuildConfiguration section */
		18006ECC1D8FACDB00CDA77D /* Debug */ = {
			isa = XCBuildConfiguration;
			buildSettings = {
				ALWAYS_SEARCH_USER_PATHS = NO;
				CLANG_ANALYZER_NONNULL = YES;
				CLANG_CXX_LANGUAGE_STANDARD = "gnu++0x";
				CLANG_CXX_LIBRARY = "libc++";
				CLANG_ENABLE_MODULES = YES;
				CLANG_ENABLE_OBJC_ARC = YES;
				CLANG_WARN_BOOL_CONVERSION = YES;
				CLANG_WARN_CONSTANT_CONVERSION = YES;
				CLANG_WARN_DIRECT_OBJC_ISA_USAGE = YES_ERROR;
				CLANG_WARN_EMPTY_BODY = YES;
				CLANG_WARN_ENUM_CONVERSION = YES;
				CLANG_WARN_INT_CONVERSION = YES;
				CLANG_WARN_OBJC_ROOT_CLASS = YES_ERROR;
				CLANG_WARN_UNREACHABLE_CODE = YES;
				CLANG_WARN__DUPLICATE_METHOD_MATCH = YES;
				"CODE_SIGN_IDENTITY[sdk=iphoneos*]" = "iPhone Developer";
				COPY_PHASE_STRIP = NO;
				DEBUG_INFORMATION_FORMAT = dwarf;
				ENABLE_STRICT_OBJC_MSGSEND = YES;
				ENABLE_TESTABILITY = YES;
				GCC_C_LANGUAGE_STANDARD = gnu99;
				GCC_DYNAMIC_NO_PIC = NO;
				GCC_NO_COMMON_BLOCKS = YES;
				GCC_OPTIMIZATION_LEVEL = 0;
				GCC_PREPROCESSOR_DEFINITIONS = (
					"DEBUG=1",
					"$(inherited)",
				);
				GCC_WARN_64_TO_32_BIT_CONVERSION = YES;
				GCC_WARN_ABOUT_RETURN_TYPE = YES_ERROR;
				GCC_WARN_UNDECLARED_SELECTOR = YES;
				GCC_WARN_UNINITIALIZED_AUTOS = YES_AGGRESSIVE;
				GCC_WARN_UNUSED_FUNCTION = YES;
				GCC_WARN_UNUSED_VARIABLE = YES;
				IPHONEOS_DEPLOYMENT_TARGET = 9.3;
				MTL_ENABLE_DEBUG_INFO = YES;
				ONLY_ACTIVE_ARCH = YES;
				SDKROOT = iphoneos;
			};
			name = Debug;
		};
		18006ECD1D8FACDB00CDA77D /* Release */ = {
			isa = XCBuildConfiguration;
			buildSettings = {
				ALWAYS_SEARCH_USER_PATHS = NO;
				CLANG_ANALYZER_NONNULL = YES;
				CLANG_CXX_LANGUAGE_STANDARD = "gnu++0x";
				CLANG_CXX_LIBRARY = "libc++";
				CLANG_ENABLE_MODULES = YES;
				CLANG_ENABLE_OBJC_ARC = YES;
				CLANG_WARN_BOOL_CONVERSION = YES;
				CLANG_WARN_CONSTANT_CONVERSION = YES;
				CLANG_WARN_DIRECT_OBJC_ISA_USAGE = YES_ERROR;
				CLANG_WARN_EMPTY_BODY = YES;
				CLANG_WARN_ENUM_CONVERSION = YES;
				CLANG_WARN_INT_CONVERSION = YES;
				CLANG_WARN_OBJC_ROOT_CLASS = YES_ERROR;
				CLANG_WARN_UNREACHABLE_CODE = YES;
				CLANG_WARN__DUPLICATE_METHOD_MATCH = YES;
				"CODE_SIGN_IDENTITY[sdk=iphoneos*]" = "iPhone Developer";
				COPY_PHASE_STRIP = NO;
				DEBUG_INFORMATION_FORMAT = "dwarf-with-dsym";
				ENABLE_NS_ASSERTIONS = NO;
				ENABLE_STRICT_OBJC_MSGSEND = YES;
				GCC_C_LANGUAGE_STANDARD = gnu99;
				GCC_NO_COMMON_BLOCKS = YES;
				GCC_WARN_64_TO_32_BIT_CONVERSION = YES;
				GCC_WARN_ABOUT_RETURN_TYPE = YES_ERROR;
				GCC_WARN_UNDECLARED_SELECTOR = YES;
				GCC_WARN_UNINITIALIZED_AUTOS = YES_AGGRESSIVE;
				GCC_WARN_UNUSED_FUNCTION = YES;
				GCC_WARN_UNUSED_VARIABLE = YES;
				IPHONEOS_DEPLOYMENT_TARGET = 9.3;
				MTL_ENABLE_DEBUG_INFO = NO;
				SDKROOT = iphoneos;
				VALIDATE_PRODUCT = YES;
			};
			name = Release;
		};
		18006ECF1D8FACDB00CDA77D /* Debug */ = {
			isa = XCBuildConfiguration;
			baseConfigurationReference = E6B113B616F1BE689840D703 /* Pods-ZProject.debug.xcconfig */;
			buildSettings = {
				ASSETCATALOG_COMPILER_APPICON_NAME = AppIcon;
				ASSETCATALOG_COMPILER_LAUNCHIMAGE_NAME = LaunchImage;
				CLANG_ENABLE_MODULES = YES;
				GCC_PREFIX_HEADER = ZProject/Main/Global/PrefixHeader.pch;
				INFOPLIST_FILE = "$(SRCROOT)/ZProject/Resource/Plist/Info.plist";
				IPHONEOS_DEPLOYMENT_TARGET = 7.0;
				LD_RUNPATH_SEARCH_PATHS = "$(inherited) @executable_path/Frameworks";
				OTHER_LDFLAGS = (
					"$(inherited)",
					"-ObjC",
					"-l\"AFNetworking\"",
					"-l\"MBProgressHUD\"",
					"-l\"MJRefresh\"",
					"-l\"Masonry\"",
					"-l\"SDWebImage\"",
					"-framework",
					"\"CoreGraphics\"",
					"-framework",
					"\"Foundation\"",
					"-framework",
					"\"ImageIO\"",
					"-framework",
					"\"MobileCoreServices\"",
					"-framework",
					"\"QuartzCore\"",
					"-framework",
					"\"Security\"",
					"-framework",
					"\"SystemConfiguration\"",
					"-framework",
					"\"UIKit\"",
				);
				PRODUCT_BUNDLE_IDENTIFIER = com.Z.ZProject;
				PRODUCT_NAME = "$(TARGET_NAME)";
				SWIFT_OPTIMIZATION_LEVEL = "-Onone";
			};
			name = Debug;
		};
		18006ED01D8FACDB00CDA77D /* Release */ = {
			isa = XCBuildConfiguration;
			baseConfigurationReference = 439F13460B6F7635E7F3AB62 /* Pods-ZProject.release.xcconfig */;
			buildSettings = {
				ASSETCATALOG_COMPILER_APPICON_NAME = AppIcon;
				ASSETCATALOG_COMPILER_LAUNCHIMAGE_NAME = LaunchImage;
				CLANG_ENABLE_MODULES = YES;
				GCC_PREFIX_HEADER = ZProject/Main/Global/PrefixHeader.pch;
				INFOPLIST_FILE = "$(SRCROOT)/ZProject/Resource/Plist/Info.plist";
				IPHONEOS_DEPLOYMENT_TARGET = 7.0;
				LD_RUNPATH_SEARCH_PATHS = "$(inherited) @executable_path/Frameworks";
				OTHER_LDFLAGS = (
					"$(inherited)",
					"-ObjC",
					"-l\"AFNetworking\"",
					"-l\"MBProgressHUD\"",
					"-l\"MJRefresh\"",
					"-l\"Masonry\"",
					"-l\"SDWebImage\"",
					"-framework",
					"\"CoreGraphics\"",
					"-framework",
					"\"Foundation\"",
					"-framework",
					"\"ImageIO\"",
					"-framework",
					"\"MobileCoreServices\"",
					"-framework",
					"\"QuartzCore\"",
					"-framework",
					"\"Security\"",
					"-framework",
					"\"SystemConfiguration\"",
					"-framework",
					"\"UIKit\"",
				);
				PRODUCT_BUNDLE_IDENTIFIER = com.Z.ZProject;
				PRODUCT_NAME = "$(TARGET_NAME)";
			};
			name = Release;
		};
		18006ED21D8FACDB00CDA77D /* Debug */ = {
			isa = XCBuildConfiguration;
			buildSettings = {
				BUNDLE_LOADER = "$(TEST_HOST)";
				INFOPLIST_FILE = ZProjectTests/Info.plist;
				LD_RUNPATH_SEARCH_PATHS = "$(inherited) @executable_path/Frameworks @loader_path/Frameworks";
				PRODUCT_BUNDLE_IDENTIFIER = com.Z.ZProjectTests;
				PRODUCT_NAME = "$(TARGET_NAME)";
				TEST_HOST = "$(BUILT_PRODUCTS_DIR)/ZProject.app/ZProject";
			};
			name = Debug;
		};
		18006ED31D8FACDB00CDA77D /* Release */ = {
			isa = XCBuildConfiguration;
			buildSettings = {
				BUNDLE_LOADER = "$(TEST_HOST)";
				INFOPLIST_FILE = ZProjectTests/Info.plist;
				LD_RUNPATH_SEARCH_PATHS = "$(inherited) @executable_path/Frameworks @loader_path/Frameworks";
				PRODUCT_BUNDLE_IDENTIFIER = com.Z.ZProjectTests;
				PRODUCT_NAME = "$(TARGET_NAME)";
				TEST_HOST = "$(BUILT_PRODUCTS_DIR)/ZProject.app/ZProject";
			};
			name = Release;
		};
		18006ED51D8FACDB00CDA77D /* Debug */ = {
			isa = XCBuildConfiguration;
			buildSettings = {
				INFOPLIST_FILE = ZProjectUITests/Info.plist;
				LD_RUNPATH_SEARCH_PATHS = "$(inherited) @executable_path/Frameworks @loader_path/Frameworks";
				PRODUCT_BUNDLE_IDENTIFIER = com.Z.ZProjectUITests;
				PRODUCT_NAME = "$(TARGET_NAME)";
				TEST_TARGET_NAME = ZProject;
			};
			name = Debug;
		};
		18006ED61D8FACDB00CDA77D /* Release */ = {
			isa = XCBuildConfiguration;
			buildSettings = {
				INFOPLIST_FILE = ZProjectUITests/Info.plist;
				LD_RUNPATH_SEARCH_PATHS = "$(inherited) @executable_path/Frameworks @loader_path/Frameworks";
				PRODUCT_BUNDLE_IDENTIFIER = com.Z.ZProjectUITests;
				PRODUCT_NAME = "$(TARGET_NAME)";
				TEST_TARGET_NAME = ZProject;
			};
			name = Release;
		};
/* End XCBuildConfiguration section */

/* Begin XCConfigurationList section */
		18006E9C1D8FACDB00CDA77D /* Build configuration list for PBXProject "ZProject" */ = {
			isa = XCConfigurationList;
			buildConfigurations = (
				18006ECC1D8FACDB00CDA77D /* Debug */,
				18006ECD1D8FACDB00CDA77D /* Release */,
			);
			defaultConfigurationIsVisible = 0;
			defaultConfigurationName = Release;
		};
		18006ECE1D8FACDB00CDA77D /* Build configuration list for PBXNativeTarget "ZProject" */ = {
			isa = XCConfigurationList;
			buildConfigurations = (
				18006ECF1D8FACDB00CDA77D /* Debug */,
				18006ED01D8FACDB00CDA77D /* Release */,
			);
			defaultConfigurationIsVisible = 0;
			defaultConfigurationName = Release;
		};
		18006ED11D8FACDB00CDA77D /* Build configuration list for PBXNativeTarget "ZProjectTests" */ = {
			isa = XCConfigurationList;
			buildConfigurations = (
				18006ED21D8FACDB00CDA77D /* Debug */,
				18006ED31D8FACDB00CDA77D /* Release */,
			);
			defaultConfigurationIsVisible = 0;
			defaultConfigurationName = Release;
		};
		18006ED41D8FACDB00CDA77D /* Build configuration list for PBXNativeTarget "ZProjectUITests" */ = {
			isa = XCConfigurationList;
			buildConfigurations = (
				18006ED51D8FACDB00CDA77D /* Debug */,
				18006ED61D8FACDB00CDA77D /* Release */,
			);
			defaultConfigurationIsVisible = 0;
			defaultConfigurationName = Release;
		};
/* End XCConfigurationList section */
	};
	rootObject = 18006E991D8FACDB00CDA77D /* Project object */;
}
